// !$*UTF8*$!
{
	archiveVersion = 1;
	classes = {
	};
	objectVersion = 46;
	objects = {

/* Begin PBXBuildFile section */
		309AACB6B023A947EFAF4EB7 /* libPods.a in Frameworks */ = {isa = PBXBuildFile; fileRef = 0CFFFD85C6B4E072D4F00A8F /* libPods.a */; };
		E70B06601DB06C3C00E4B5A6 /* MOTextField.m in Sources */ = {isa = PBXBuildFile; fileRef = E70B065F1DB06C3C00E4B5A6 /* MOTextField.m */; };
		E70B06631DB06C7900E4B5A6 /* UIView+ChangeFrame.m in Sources */ = {isa = PBXBuildFile; fileRef = E70B06621DB06C7900E4B5A6 /* UIView+ChangeFrame.m */; };
		E70B06691DB0755500E4B5A6 /* 123.jpg in Resources */ = {isa = PBXBuildFile; fileRef = E70B06681DB0755500E4B5A6 /* 123.jpg */; };
		E71209361DD470EF0015825A /* TipMessageView.m in Sources */ = {isa = PBXBuildFile; fileRef = E71209351DD470EF0015825A /* TipMessageView.m */; };
		E712D10C1DFE5D26005D63C9 /* PersonCenterView.m in Sources */ = {isa = PBXBuildFile; fileRef = E712D10B1DFE5D26005D63C9 /* PersonCenterView.m */; };
		E712D10F1E011BB4005D63C9 /* ReceiverAddressInfoView.m in Sources */ = {isa = PBXBuildFile; fileRef = E712D10E1E011BB4005D63C9 /* ReceiverAddressInfoView.m */; };
		E712D1121E01409F005D63C9 /* DeliveryTimeOutTableViewCell.m in Sources */ = {isa = PBXBuildFile; fileRef = E712D1111E01409F005D63C9 /* DeliveryTimeOutTableViewCell.m */; };
		E715932B1DE690BE00EAAC68 /* AddressListView.m in Sources */ = {isa = PBXBuildFile; fileRef = E715930A1DE690BE00EAAC68 /* AddressListView.m */; };
		E715932C1DE690BE00EAAC68 /* AlredyDoneTableViewCell.m in Sources */ = {isa = PBXBuildFile; fileRef = E715930D1DE690BE00EAAC68 /* AlredyDoneTableViewCell.m */; };
		E715932D1DE690BE00EAAC68 /* ChooseView.m in Sources */ = {isa = PBXBuildFile; fileRef = E715930F1DE690BE00EAAC68 /* ChooseView.m */; };
		E715932E1DE690BE00EAAC68 /* HomePageItemView.m in Sources */ = {isa = PBXBuildFile; fileRef = E71593121DE690BE00EAAC68 /* HomePageItemView.m */; };
		E715932F1DE690BE00EAAC68 /* HomePageView.m in Sources */ = {isa = PBXBuildFile; fileRef = E71593141DE690BE00EAAC68 /* HomePageView.m */; };
		E71593301DE690BE00EAAC68 /* ShoppingInfoView.m in Sources */ = {isa = PBXBuildFile; fileRef = E71593171DE690BE00EAAC68 /* ShoppingInfoView.m */; };
		E71593311DE690BE00EAAC68 /* FoodListView.m in Sources */ = {isa = PBXBuildFile; fileRef = E715931A1DE690BE00EAAC68 /* FoodListView.m */; };
		E71593321DE690BE00EAAC68 /* OrderDetailTableViewCell.m in Sources */ = {isa = PBXBuildFile; fileRef = E715931C1DE690BE00EAAC68 /* OrderDetailTableViewCell.m */; };
		E71593341DE690BE00EAAC68 /* TodayInfoItemVIew.m in Sources */ = {isa = PBXBuildFile; fileRef = E71593211DE690BE00EAAC68 /* TodayInfoItemVIew.m */; };
		E71593351DE690BE00EAAC68 /* TodayInfoView.m in Sources */ = {isa = PBXBuildFile; fileRef = E71593231DE690BE00EAAC68 /* TodayInfoView.m */; };
		E71593381DE690BE00EAAC68 /* WaitReceiveOrderTableViewCell.m in Sources */ = {isa = PBXBuildFile; fileRef = E715932A1DE690BE00EAAC68 /* WaitReceiveOrderTableViewCell.m */; };
		E71593441DE6B76600EAAC68 /* OrderDetailShopListView.m in Sources */ = {isa = PBXBuildFile; fileRef = E71593431DE6B76600EAAC68 /* OrderDetailShopListView.m */; };
		E727C1771E0B85B60096D17E /* UIViewController+GetCurrentViewController.m in Sources */ = {isa = PBXBuildFile; fileRef = E727C1761E0B85B60096D17E /* UIViewController+GetCurrentViewController.m */; };
		E727C17A1E0BA2C40096D17E /* TodayCountDetailViewController.m in Sources */ = {isa = PBXBuildFile; fileRef = E727C1791E0BA2C40096D17E /* TodayCountDetailViewController.m */; };
		E727C17D1E0BD55B0096D17E /* TodayCountDetailTableViewCell.m in Sources */ = {isa = PBXBuildFile; fileRef = E727C17C1E0BD55B0096D17E /* TodayCountDetailTableViewCell.m */; };
		E727C1801E0BD77F0096D17E /* TodayCountModel.m in Sources */ = {isa = PBXBuildFile; fileRef = E727C17F1E0BD77F0096D17E /* TodayCountModel.m */; };
		E727C1851E0CFFE90096D17E /* jcore-ios-1.0.0.a in Frameworks */ = {isa = PBXBuildFile; fileRef = E727C1821E0CFFE90096D17E /* jcore-ios-1.0.0.a */; };
		E727C1861E0CFFE90096D17E /* jpush-ios-3.0.0.a in Frameworks */ = {isa = PBXBuildFile; fileRef = E727C1831E0CFFE90096D17E /* jpush-ios-3.0.0.a */; };
		E727C1881E0D00130096D17E /* CFNetwork.framework in Frameworks */ = {isa = PBXBuildFile; fileRef = E727C1871E0D00130096D17E /* CFNetwork.framework */; };
		E727C18A1E0D001E0096D17E /* CoreFoundation.framework in Frameworks */ = {isa = PBXBuildFile; fileRef = E727C1891E0D001E0096D17E /* CoreFoundation.framework */; };
		E727C18C1E0D00270096D17E /* CoreTelephony.framework in Frameworks */ = {isa = PBXBuildFile; fileRef = E727C18B1E0D00270096D17E /* CoreTelephony.framework */; };
		E727C18E1E0D002F0096D17E /* SystemConfiguration.framework in Frameworks */ = {isa = PBXBuildFile; fileRef = E727C18D1E0D002F0096D17E /* SystemConfiguration.framework */; };
		E727C1901E0D00380096D17E /* CoreGraphics.framework in Frameworks */ = {isa = PBXBuildFile; fileRef = E727C18F1E0D00380096D17E /* CoreGraphics.framework */; };
		E727C1921E0D00420096D17E /* Foundation.framework in Frameworks */ = {isa = PBXBuildFile; fileRef = E727C1911E0D00420096D17E /* Foundation.framework */; };
		E727C1941E0D004A0096D17E /* UIKit.framework in Frameworks */ = {isa = PBXBuildFile; fileRef = E727C1931E0D004A0096D17E /* UIKit.framework */; };
		E727C1961E0D00540096D17E /* Security.framework in Frameworks */ = {isa = PBXBuildFile; fileRef = E727C1951E0D00540096D17E /* Security.framework */; };
		E727C1981E0D00600096D17E /* libz.tbd in Frameworks */ = {isa = PBXBuildFile; fileRef = E727C1971E0D00600096D17E /* libz.tbd */; };
		E727C19A1E0D006F0096D17E /* UserNotifications.framework in Frameworks */ = {isa = PBXBuildFile; fileRef = E727C1991E0D006F0096D17E /* UserNotifications.framework */; };
		E727C19C1E0D007B0096D17E /* libresolv.tbd in Frameworks */ = {isa = PBXBuildFile; fileRef = E727C19B1E0D007B0096D17E /* libresolv.tbd */; };
		E732C8B11DBDD9A000B18AA0 /* WaitReceiveOrderViewController.m in Sources */ = {isa = PBXBuildFile; fileRef = E732C8B01DBDD9A000B18AA0 /* WaitReceiveOrderViewController.m */; };
		E740D8D81DC9DC1F00484F53 /* DeliveryViewController.m in Sources */ = {isa = PBXBuildFile; fileRef = E740D8D71DC9DC1F00484F53 /* DeliveryViewController.m */; };
		E759250C1E2DF04200660136 /* notice.mp3 in Resources */ = {isa = PBXBuildFile; fileRef = E759250B1E2DF04200660136 /* notice.mp3 */; };
		E75A77A71DE2C70800E344EE /* FoodModel.m in Sources */ = {isa = PBXBuildFile; fileRef = E75A77A61DE2C70800E344EE /* FoodModel.m */; };
		E7729E4A1DDB069500BF5B69 /* OrderInfoModel.m in Sources */ = {isa = PBXBuildFile; fileRef = E7729E491DDB069500BF5B69 /* OrderInfoModel.m */; };
		E7729E4D1DDC040900BF5B69 /* StoreInfoModel.m in Sources */ = {isa = PBXBuildFile; fileRef = E7729E4C1DDC040900BF5B69 /* StoreInfoModel.m */; };
		E7729E501DDC041900BF5B69 /* AddressInfoModel.m in Sources */ = {isa = PBXBuildFile; fileRef = E7729E4F1DDC041900BF5B69 /* AddressInfoModel.m */; };
		E774B7081E14B2AD00B5E389 /* UIColor+RandomColor.m in Sources */ = {isa = PBXBuildFile; fileRef = E774B7071E14B2AD00B5E389 /* UIColor+RandomColor.m */; };
		E774B70B1E1502D600B5E389 /* WaitReceiveOrderTimeOutTableViewCell.m in Sources */ = {isa = PBXBuildFile; fileRef = E774B70A1E1502D600B5E389 /* WaitReceiveOrderTimeOutTableViewCell.m */; };
		E790342C1DC09336004C1C8E /* AlreadyDoneViewController.m in Sources */ = {isa = PBXBuildFile; fileRef = E790342B1DC09336004C1C8E /* AlreadyDoneViewController.m */; };
		E79034371DC71593004C1C8E /* ShopAddressViewController.m in Sources */ = {isa = PBXBuildFile; fileRef = E79034361DC71593004C1C8E /* ShopAddressViewController.m */; };
		E7ABA57F1DF1619E007F0638 /* ReceiverAddressViewController.m in Sources */ = {isa = PBXBuildFile; fileRef = E7ABA57E1DF1619E007F0638 /* ReceiverAddressViewController.m */; };
		E7ABA5821DF6678D007F0638 /* FeHourGlass.m in Sources */ = {isa = PBXBuildFile; fileRef = E7ABA5811DF6678D007F0638 /* FeHourGlass.m */; };
		E7ABA5851DF667B8007F0638 /* UIColor+flat.m in Sources */ = {isa = PBXBuildFile; fileRef = E7ABA5841DF667B8007F0638 /* UIColor+flat.m */; };
		E7ABA5881DF6AA27007F0638 /* ShopView.m in Sources */ = {isa = PBXBuildFile; fileRef = E7ABA5871DF6AA27007F0638 /* ShopView.m */; };
		E7BA1E191DCC777D001B0081 /* OrderDetailViewController.m in Sources */ = {isa = PBXBuildFile; fileRef = E7BA1E181DCC777D001B0081 /* OrderDetailViewController.m */; };
		E7CCD2E71DED555500B24256 /* DeliveryTableViewCell.m in Sources */ = {isa = PBXBuildFile; fileRef = E7CCD2E61DED555500B24256 /* DeliveryTableViewCell.m */; };
		E7CCD2EA1DED69F800B24256 /* TotalAmountAndPaymentView.m in Sources */ = {isa = PBXBuildFile; fileRef = E7CCD2E91DED69F800B24256 /* TotalAmountAndPaymentView.m */; };
		E7CCD2ED1DED7B6700B24256 /* ReceiverAddressView.m in Sources */ = {isa = PBXBuildFile; fileRef = E7CCD2EC1DED7B6700B24256 /* ReceiverAddressView.m */; };
		E7CCD2F01DEE754B00B24256 /* RunFeeAndTiFeeView.m in Sources */ = {isa = PBXBuildFile; fileRef = E7CCD2EF1DEE754B00B24256 /* RunFeeAndTiFeeView.m */; };
		E7CCD2F31DEEB17000B24256 /* TimeOutView.m in Sources */ = {isa = PBXBuildFile; fileRef = E7CCD2F21DEEB17000B24256 /* TimeOutView.m */; };
		E7CCD2F61DEEB99F00B24256 /* ShopButtonView.m in Sources */ = {isa = PBXBuildFile; fileRef = E7CCD2F51DEEB99F00B24256 /* ShopButtonView.m */; };
		E7E856381DAF56700057D66F /* main.m in Sources */ = {isa = PBXBuildFile; fileRef = E7E856371DAF56700057D66F /* main.m */; };
		E7E8563B1DAF56700057D66F /* AppDelegate.m in Sources */ = {isa = PBXBuildFile; fileRef = E7E8563A1DAF56700057D66F /* AppDelegate.m */; };
		E7E856461DAF56700057D66F /* LaunchScreen.storyboard in Resources */ = {isa = PBXBuildFile; fileRef = E7E856441DAF56700057D66F /* LaunchScreen.storyboard */; };
		E7E856511DAF56700057D66F /* TcCourierTests.m in Sources */ = {isa = PBXBuildFile; fileRef = E7E856501DAF56700057D66F /* TcCourierTests.m */; };
		E7E8565C1DAF56700057D66F /* TcCourierUITests.m in Sources */ = {isa = PBXBuildFile; fileRef = E7E8565B1DAF56700057D66F /* TcCourierUITests.m */; };
		E7E8567D1DAF62B70057D66F /* MainNavigationController.m in Sources */ = {isa = PBXBuildFile; fileRef = E7E856761DAF62B70057D66F /* MainNavigationController.m */; };
		E7E8567E1DAF62B70057D66F /* MainTabBar.m in Sources */ = {isa = PBXBuildFile; fileRef = E7E856781DAF62B70057D66F /* MainTabBar.m */; };
		E7E8567F1DAF62B70057D66F /* MainTabBarButton.m in Sources */ = {isa = PBXBuildFile; fileRef = E7E8567A1DAF62B70057D66F /* MainTabBarButton.m */; };
		E7E856801DAF62B70057D66F /* MainTabBarController.m in Sources */ = {isa = PBXBuildFile; fileRef = E7E8567C1DAF62B70057D66F /* MainTabBarController.m */; };
		E7E856971DAF67080057D66F /* HomePageViewController.m in Sources */ = {isa = PBXBuildFile; fileRef = E7E856881DAF67080057D66F /* HomePageViewController.m */; };
		E7E856981DAF67080057D66F /* LoginViewController.m in Sources */ = {isa = PBXBuildFile; fileRef = E7E8568E1DAF67080057D66F /* LoginViewController.m */; };
		E7E856991DAF67080057D66F /* PersonCenterViewController.m in Sources */ = {isa = PBXBuildFile; fileRef = E7E856941DAF67080057D66F /* PersonCenterViewController.m */; };
		E7ECF6B71E078A3F00CAAE83 /* SelectableOverlay.m in Sources */ = {isa = PBXBuildFile; fileRef = E7ECF6B61E078A3F00CAAE83 /* SelectableOverlay.m */; };
		E7FAAA711DB481F500B20084 /* UILabel+LabelHeightAndWidth.m in Sources */ = {isa = PBXBuildFile; fileRef = E7FAAA701DB481F500B20084 /* UILabel+LabelHeightAndWidth.m */; };
		E7FB2BCA1DB5F44D0045E871 /* TcLoginButton.m in Sources */ = {isa = PBXBuildFile; fileRef = E7FB2BC91DB5F44D0045E871 /* TcLoginButton.m */; };
		E7FB2BD01DB5F9160045E871 /* TodayCountViewController.m in Sources */ = {isa = PBXBuildFile; fileRef = E7FB2BCF1DB5F9160045E871 /* TodayCountViewController.m */; };
		E7FB2BE21DB751BF0045E871 /* StarttAppraiseRateView.m in Sources */ = {isa = PBXBuildFile; fileRef = E7FB2BE11DB751BF0045E871 /* StarttAppraiseRateView.m */; };
		E7FB2BE51DB755880045E871 /* SettingView.m in Sources */ = {isa = PBXBuildFile; fileRef = E7FB2BE41DB755880045E871 /* SettingView.m */; };
		E7FB2BE71DB7580B0045E871 /* Assets.xcassets in Resources */ = {isa = PBXBuildFile; fileRef = E7FB2BE61DB7580B0045E871 /* Assets.xcassets */; };
		E7FB2BEA1DB7595D0045E871 /* SettingItemView.m in Sources */ = {isa = PBXBuildFile; fileRef = E7FB2BE91DB7595D0045E871 /* SettingItemView.m */; };
		E7FB2BED1DB774910045E871 /* ModifyPasswordViewController.m in Sources */ = {isa = PBXBuildFile; fileRef = E7FB2BEC1DB774910045E871 /* ModifyPasswordViewController.m */; };
		E7FB5AAB1DD2FF8E006DFADD /* TcCourierInfoManager.m in Sources */ = {isa = PBXBuildFile; fileRef = E7FB5AAA1DD2FF8E006DFADD /* TcCourierInfoManager.m */; };
		E7FB7FA31DD19E640023148C /* MJRefresh.bundle in Resources */ = {isa = PBXBuildFile; fileRef = E7FB7F931DD19E640023148C /* MJRefresh.bundle */; };
		E7FB7FA41DD19E640023148C /* MJRefreshBaseView.m in Sources */ = {isa = PBXBuildFile; fileRef = E7FB7F961DD19E640023148C /* MJRefreshBaseView.m */; };
		E7FB7FA51DD19E640023148C /* MJRefreshConst.m in Sources */ = {isa = PBXBuildFile; fileRef = E7FB7F981DD19E640023148C /* MJRefreshConst.m */; };
		E7FB7FA61DD19E640023148C /* MJRefreshFooterView.m in Sources */ = {isa = PBXBuildFile; fileRef = E7FB7F9A1DD19E640023148C /* MJRefreshFooterView.m */; };
		E7FB7FA71DD19E640023148C /* MJRefreshHeaderView.m in Sources */ = {isa = PBXBuildFile; fileRef = E7FB7F9C1DD19E640023148C /* MJRefreshHeaderView.m */; };
		E7FB7FA81DD19E640023148C /* UIScrollView+MJExtension.m in Sources */ = {isa = PBXBuildFile; fileRef = E7FB7F9E1DD19E640023148C /* UIScrollView+MJExtension.m */; };
		E7FB7FA91DD19E640023148C /* UIScrollView+MJRefresh.m in Sources */ = {isa = PBXBuildFile; fileRef = E7FB7FA01DD19E640023148C /* UIScrollView+MJRefresh.m */; };
		E7FB7FAA1DD19E640023148C /* UIView+MJExtension.m in Sources */ = {isa = PBXBuildFile; fileRef = E7FB7FA21DD19E640023148C /* UIView+MJExtension.m */; };
		E7FB7FAD1DD19E7B0023148C /* MyMD5.m in Sources */ = {isa = PBXBuildFile; fileRef = E7FB7FAC1DD19E7B0023148C /* MyMD5.m */; };
/* End PBXBuildFile section */

/* Begin PBXContainerItemProxy section */
		E7E8564D1DAF56700057D66F /* PBXContainerItemProxy */ = {
			isa = PBXContainerItemProxy;
			containerPortal = E7E8562B1DAF566F0057D66F /* Project object */;
			proxyType = 1;
			remoteGlobalIDString = E7E856321DAF566F0057D66F;
			remoteInfo = TcCourier;
		};
		E7E856581DAF56700057D66F /* PBXContainerItemProxy */ = {
			isa = PBXContainerItemProxy;
			containerPortal = E7E8562B1DAF566F0057D66F /* Project object */;
			proxyType = 1;
			remoteGlobalIDString = E7E856321DAF566F0057D66F;
			remoteInfo = TcCourier;
		};
/* End PBXContainerItemProxy section */

/* Begin PBXFileReference section */
		0CFFFD85C6B4E072D4F00A8F /* libPods.a */ = {isa = PBXFileReference; explicitFileType = archive.ar; includeInIndex = 0; path = libPods.a; sourceTree = BUILT_PRODUCTS_DIR; };
		256953AE303E24856A03C646 /* Pods.release.xcconfig */ = {isa = PBXFileReference; includeInIndex = 1; lastKnownFileType = text.xcconfig; name = Pods.release.xcconfig; path = "Pods/Target Support Files/Pods/Pods.release.xcconfig"; sourceTree = "<group>"; };
		4A1557639B3B2BA14FC8115B /* Pods.debug.xcconfig */ = {isa = PBXFileReference; includeInIndex = 1; lastKnownFileType = text.xcconfig; name = Pods.debug.xcconfig; path = "Pods/Target Support Files/Pods/Pods.debug.xcconfig"; sourceTree = "<group>"; };
		E70B065E1DB06C3C00E4B5A6 /* MOTextField.h */ = {isa = PBXFileReference; fileEncoding = 4; lastKnownFileType = sourcecode.c.h; path = MOTextField.h; sourceTree = "<group>"; };
		E70B065F1DB06C3C00E4B5A6 /* MOTextField.m */ = {isa = PBXFileReference; fileEncoding = 4; lastKnownFileType = sourcecode.c.objc; path = MOTextField.m; sourceTree = "<group>"; };
		E70B06611DB06C7900E4B5A6 /* UIView+ChangeFrame.h */ = {isa = PBXFileReference; fileEncoding = 4; lastKnownFileType = sourcecode.c.h; path = "UIView+ChangeFrame.h"; sourceTree = "<group>"; };
		E70B06621DB06C7900E4B5A6 /* UIView+ChangeFrame.m */ = {isa = PBXFileReference; fileEncoding = 4; lastKnownFileType = sourcecode.c.objc; path = "UIView+ChangeFrame.m"; sourceTree = "<group>"; };
		E70B06681DB0755500E4B5A6 /* 123.jpg */ = {isa = PBXFileReference; lastKnownFileType = image.jpeg; path = 123.jpg; sourceTree = "<group>"; };
		E71209341DD470EF0015825A /* TipMessageView.h */ = {isa = PBXFileReference; fileEncoding = 4; lastKnownFileType = sourcecode.c.h; path = TipMessageView.h; sourceTree = "<group>"; };
		E71209351DD470EF0015825A /* TipMessageView.m */ = {isa = PBXFileReference; fileEncoding = 4; lastKnownFileType = sourcecode.c.objc; path = TipMessageView.m; sourceTree = "<group>"; };
		E712D10A1DFE5D26005D63C9 /* PersonCenterView.h */ = {isa = PBXFileReference; fileEncoding = 4; lastKnownFileType = sourcecode.c.h; path = PersonCenterView.h; sourceTree = "<group>"; };
		E712D10B1DFE5D26005D63C9 /* PersonCenterView.m */ = {isa = PBXFileReference; fileEncoding = 4; lastKnownFileType = sourcecode.c.objc; path = PersonCenterView.m; sourceTree = "<group>"; };
		E712D10D1E011BB4005D63C9 /* ReceiverAddressInfoView.h */ = {isa = PBXFileReference; fileEncoding = 4; lastKnownFileType = sourcecode.c.h; path = ReceiverAddressInfoView.h; sourceTree = "<group>"; };
		E712D10E1E011BB4005D63C9 /* ReceiverAddressInfoView.m */ = {isa = PBXFileReference; fileEncoding = 4; lastKnownFileType = sourcecode.c.objc; path = ReceiverAddressInfoView.m; sourceTree = "<group>"; };
		E712D1101E01409F005D63C9 /* DeliveryTimeOutTableViewCell.h */ = {isa = PBXFileReference; fileEncoding = 4; lastKnownFileType = sourcecode.c.h; path = DeliveryTimeOutTableViewCell.h; sourceTree = "<group>"; };
		E712D1111E01409F005D63C9 /* DeliveryTimeOutTableViewCell.m */ = {isa = PBXFileReference; fileEncoding = 4; lastKnownFileType = sourcecode.c.objc; path = DeliveryTimeOutTableViewCell.m; sourceTree = "<group>"; };
		E71593091DE690BE00EAAC68 /* AddressListView.h */ = {isa = PBXFileReference; fileEncoding = 4; lastKnownFileType = sourcecode.c.h; path = AddressListView.h; sourceTree = "<group>"; };
		E715930A1DE690BE00EAAC68 /* AddressListView.m */ = {isa = PBXFileReference; fileEncoding = 4; lastKnownFileType = sourcecode.c.objc; path = AddressListView.m; sourceTree = "<group>"; };
		E715930C1DE690BE00EAAC68 /* AlredyDoneTableViewCell.h */ = {isa = PBXFileReference; fileEncoding = 4; lastKnownFileType = sourcecode.c.h; path = AlredyDoneTableViewCell.h; sourceTree = "<group>"; };
		E715930D1DE690BE00EAAC68 /* AlredyDoneTableViewCell.m */ = {isa = PBXFileReference; fileEncoding = 4; lastKnownFileType = sourcecode.c.objc; path = AlredyDoneTableViewCell.m; sourceTree = "<group>"; };
		E715930E1DE690BE00EAAC68 /* ChooseView.h */ = {isa = PBXFileReference; fileEncoding = 4; lastKnownFileType = sourcecode.c.h; path = ChooseView.h; sourceTree = "<group>"; };
		E715930F1DE690BE00EAAC68 /* ChooseView.m */ = {isa = PBXFileReference; fileEncoding = 4; lastKnownFileType = sourcecode.c.objc; path = ChooseView.m; sourceTree = "<group>"; };
		E71593111DE690BE00EAAC68 /* HomePageItemView.h */ = {isa = PBXFileReference; fileEncoding = 4; lastKnownFileType = sourcecode.c.h; path = HomePageItemView.h; sourceTree = "<group>"; };
		E71593121DE690BE00EAAC68 /* HomePageItemView.m */ = {isa = PBXFileReference; fileEncoding = 4; lastKnownFileType = sourcecode.c.objc; path = HomePageItemView.m; sourceTree = "<group>"; };
		E71593131DE690BE00EAAC68 /* HomePageView.h */ = {isa = PBXFileReference; fileEncoding = 4; lastKnownFileType = sourcecode.c.h; path = HomePageView.h; sourceTree = "<group>"; };
		E71593141DE690BE00EAAC68 /* HomePageView.m */ = {isa = PBXFileReference; fileEncoding = 4; lastKnownFileType = sourcecode.c.objc; path = HomePageView.m; sourceTree = "<group>"; };
		E71593161DE690BE00EAAC68 /* ShoppingInfoView.h */ = {isa = PBXFileReference; fileEncoding = 4; lastKnownFileType = sourcecode.c.h; path = ShoppingInfoView.h; sourceTree = "<group>"; };
		E71593171DE690BE00EAAC68 /* ShoppingInfoView.m */ = {isa = PBXFileReference; fileEncoding = 4; lastKnownFileType = sourcecode.c.objc; path = ShoppingInfoView.m; sourceTree = "<group>"; };
		E71593191DE690BE00EAAC68 /* FoodListView.h */ = {isa = PBXFileReference; fileEncoding = 4; lastKnownFileType = sourcecode.c.h; path = FoodListView.h; sourceTree = "<group>"; };
		E715931A1DE690BE00EAAC68 /* FoodListView.m */ = {isa = PBXFileReference; fileEncoding = 4; lastKnownFileType = sourcecode.c.objc; path = FoodListView.m; sourceTree = "<group>"; };
		E715931B1DE690BE00EAAC68 /* OrderDetailTableViewCell.h */ = {isa = PBXFileReference; fileEncoding = 4; lastKnownFileType = sourcecode.c.h; path = OrderDetailTableViewCell.h; sourceTree = "<group>"; };
		E715931C1DE690BE00EAAC68 /* OrderDetailTableViewCell.m */ = {isa = PBXFileReference; fileEncoding = 4; lastKnownFileType = sourcecode.c.objc; path = OrderDetailTableViewCell.m; sourceTree = "<group>"; };
		E71593201DE690BE00EAAC68 /* TodayInfoItemView.h */ = {isa = PBXFileReference; fileEncoding = 4; lastKnownFileType = sourcecode.c.h; path = TodayInfoItemView.h; sourceTree = "<group>"; };
		E71593211DE690BE00EAAC68 /* TodayInfoItemVIew.m */ = {isa = PBXFileReference; fileEncoding = 4; lastKnownFileType = sourcecode.c.objc; path = TodayInfoItemVIew.m; sourceTree = "<group>"; };
		E71593221DE690BE00EAAC68 /* TodayInfoView.h */ = {isa = PBXFileReference; fileEncoding = 4; lastKnownFileType = sourcecode.c.h; path = TodayInfoView.h; sourceTree = "<group>"; };
		E71593231DE690BE00EAAC68 /* TodayInfoView.m */ = {isa = PBXFileReference; fileEncoding = 4; lastKnownFileType = sourcecode.c.objc; path = TodayInfoView.m; sourceTree = "<group>"; };
		E71593291DE690BE00EAAC68 /* WaitReceiveOrderTableViewCell.h */ = {isa = PBXFileReference; fileEncoding = 4; lastKnownFileType = sourcecode.c.h; path = WaitReceiveOrderTableViewCell.h; sourceTree = "<group>"; };
		E715932A1DE690BE00EAAC68 /* WaitReceiveOrderTableViewCell.m */ = {isa = PBXFileReference; fileEncoding = 4; lastKnownFileType = sourcecode.c.objc; path = WaitReceiveOrderTableViewCell.m; sourceTree = "<group>"; };
		E71593421DE6B76600EAAC68 /* OrderDetailShopListView.h */ = {isa = PBXFileReference; fileEncoding = 4; lastKnownFileType = sourcecode.c.h; path = OrderDetailShopListView.h; sourceTree = "<group>"; };
		E71593431DE6B76600EAAC68 /* OrderDetailShopListView.m */ = {isa = PBXFileReference; fileEncoding = 4; lastKnownFileType = sourcecode.c.objc; path = OrderDetailShopListView.m; sourceTree = "<group>"; };
		E727C1751E0B85B60096D17E /* UIViewController+GetCurrentViewController.h */ = {isa = PBXFileReference; fileEncoding = 4; lastKnownFileType = sourcecode.c.h; path = "UIViewController+GetCurrentViewController.h"; sourceTree = "<group>"; };
		E727C1761E0B85B60096D17E /* UIViewController+GetCurrentViewController.m */ = {isa = PBXFileReference; fileEncoding = 4; lastKnownFileType = sourcecode.c.objc; path = "UIViewController+GetCurrentViewController.m"; sourceTree = "<group>"; };
		E727C1781E0BA2C40096D17E /* TodayCountDetailViewController.h */ = {isa = PBXFileReference; fileEncoding = 4; lastKnownFileType = sourcecode.c.h; path = TodayCountDetailViewController.h; sourceTree = "<group>"; };
		E727C1791E0BA2C40096D17E /* TodayCountDetailViewController.m */ = {isa = PBXFileReference; fileEncoding = 4; lastKnownFileType = sourcecode.c.objc; path = TodayCountDetailViewController.m; sourceTree = "<group>"; };
		E727C17B1E0BD55B0096D17E /* TodayCountDetailTableViewCell.h */ = {isa = PBXFileReference; fileEncoding = 4; lastKnownFileType = sourcecode.c.h; path = TodayCountDetailTableViewCell.h; sourceTree = "<group>"; };
		E727C17C1E0BD55B0096D17E /* TodayCountDetailTableViewCell.m */ = {isa = PBXFileReference; fileEncoding = 4; lastKnownFileType = sourcecode.c.objc; path = TodayCountDetailTableViewCell.m; sourceTree = "<group>"; };
		E727C17E1E0BD77F0096D17E /* TodayCountModel.h */ = {isa = PBXFileReference; fileEncoding = 4; lastKnownFileType = sourcecode.c.h; path = TodayCountModel.h; sourceTree = "<group>"; };
		E727C17F1E0BD77F0096D17E /* TodayCountModel.m */ = {isa = PBXFileReference; fileEncoding = 4; lastKnownFileType = sourcecode.c.objc; path = TodayCountModel.m; sourceTree = "<group>"; };
		E727C1821E0CFFE90096D17E /* jcore-ios-1.0.0.a */ = {isa = PBXFileReference; lastKnownFileType = archive.ar; path = "jcore-ios-1.0.0.a"; sourceTree = "<group>"; };
		E727C1831E0CFFE90096D17E /* jpush-ios-3.0.0.a */ = {isa = PBXFileReference; lastKnownFileType = archive.ar; path = "jpush-ios-3.0.0.a"; sourceTree = "<group>"; };
		E727C1841E0CFFE90096D17E /* JPUSHService.h */ = {isa = PBXFileReference; fileEncoding = 4; lastKnownFileType = sourcecode.c.h; path = JPUSHService.h; sourceTree = "<group>"; };
		E727C1871E0D00130096D17E /* CFNetwork.framework */ = {isa = PBXFileReference; lastKnownFileType = wrapper.framework; name = CFNetwork.framework; path = System/Library/Frameworks/CFNetwork.framework; sourceTree = SDKROOT; };
		E727C1891E0D001E0096D17E /* CoreFoundation.framework */ = {isa = PBXFileReference; lastKnownFileType = wrapper.framework; name = CoreFoundation.framework; path = System/Library/Frameworks/CoreFoundation.framework; sourceTree = SDKROOT; };
		E727C18B1E0D00270096D17E /* CoreTelephony.framework */ = {isa = PBXFileReference; lastKnownFileType = wrapper.framework; name = CoreTelephony.framework; path = System/Library/Frameworks/CoreTelephony.framework; sourceTree = SDKROOT; };
		E727C18D1E0D002F0096D17E /* SystemConfiguration.framework */ = {isa = PBXFileReference; lastKnownFileType = wrapper.framework; name = SystemConfiguration.framework; path = System/Library/Frameworks/SystemConfiguration.framework; sourceTree = SDKROOT; };
		E727C18F1E0D00380096D17E /* CoreGraphics.framework */ = {isa = PBXFileReference; lastKnownFileType = wrapper.framework; name = CoreGraphics.framework; path = System/Library/Frameworks/CoreGraphics.framework; sourceTree = SDKROOT; };
		E727C1911E0D00420096D17E /* Foundation.framework */ = {isa = PBXFileReference; lastKnownFileType = wrapper.framework; name = Foundation.framework; path = System/Library/Frameworks/Foundation.framework; sourceTree = SDKROOT; };
		E727C1931E0D004A0096D17E /* UIKit.framework */ = {isa = PBXFileReference; lastKnownFileType = wrapper.framework; name = UIKit.framework; path = System/Library/Frameworks/UIKit.framework; sourceTree = SDKROOT; };
		E727C1951E0D00540096D17E /* Security.framework */ = {isa = PBXFileReference; lastKnownFileType = wrapper.framework; name = Security.framework; path = System/Library/Frameworks/Security.framework; sourceTree = SDKROOT; };
		E727C1971E0D00600096D17E /* libz.tbd */ = {isa = PBXFileReference; lastKnownFileType = "sourcecode.text-based-dylib-definition"; name = libz.tbd; path = usr/lib/libz.tbd; sourceTree = SDKROOT; };
		E727C1991E0D006F0096D17E /* UserNotifications.framework */ = {isa = PBXFileReference; lastKnownFileType = wrapper.framework; name = UserNotifications.framework; path = System/Library/Frameworks/UserNotifications.framework; sourceTree = SDKROOT; };
		E727C19B1E0D007B0096D17E /* libresolv.tbd */ = {isa = PBXFileReference; lastKnownFileType = "sourcecode.text-based-dylib-definition"; name = libresolv.tbd; path = usr/lib/libresolv.tbd; sourceTree = SDKROOT; };
		E727C19D1E0D00C50096D17E /* TcCourier.entitlements */ = {isa = PBXFileReference; lastKnownFileType = text.plist.entitlements; path = TcCourier.entitlements; sourceTree = "<group>"; };
		E732C8AF1DBDD9A000B18AA0 /* WaitReceiveOrderViewController.h */ = {isa = PBXFileReference; fileEncoding = 4; lastKnownFileType = sourcecode.c.h; path = WaitReceiveOrderViewController.h; sourceTree = "<group>"; };
		E732C8B01DBDD9A000B18AA0 /* WaitReceiveOrderViewController.m */ = {isa = PBXFileReference; fileEncoding = 4; lastKnownFileType = sourcecode.c.objc; path = WaitReceiveOrderViewController.m; sourceTree = "<group>"; };
		E740D8D61DC9DC1F00484F53 /* DeliveryViewController.h */ = {isa = PBXFileReference; fileEncoding = 4; lastKnownFileType = sourcecode.c.h; path = DeliveryViewController.h; sourceTree = "<group>"; };
		E740D8D71DC9DC1F00484F53 /* DeliveryViewController.m */ = {isa = PBXFileReference; fileEncoding = 4; lastKnownFileType = sourcecode.c.objc; path = DeliveryViewController.m; sourceTree = "<group>"; };
		E759250B1E2DF04200660136 /* notice.mp3 */ = {isa = PBXFileReference; lastKnownFileType = audio.mp3; path = notice.mp3; sourceTree = "<group>"; };
		E75A77A51DE2C70800E344EE /* FoodModel.h */ = {isa = PBXFileReference; fileEncoding = 4; lastKnownFileType = sourcecode.c.h; path = FoodModel.h; sourceTree = "<group>"; };
		E75A77A61DE2C70800E344EE /* FoodModel.m */ = {isa = PBXFileReference; fileEncoding = 4; lastKnownFileType = sourcecode.c.objc; path = FoodModel.m; sourceTree = "<group>"; };
		E7729E481DDB069500BF5B69 /* OrderInfoModel.h */ = {isa = PBXFileReference; fileEncoding = 4; lastKnownFileType = sourcecode.c.h; path = OrderInfoModel.h; sourceTree = "<group>"; };
		E7729E491DDB069500BF5B69 /* OrderInfoModel.m */ = {isa = PBXFileReference; fileEncoding = 4; lastKnownFileType = sourcecode.c.objc; path = OrderInfoModel.m; sourceTree = "<group>"; };
		E7729E4B1DDC040900BF5B69 /* StoreInfoModel.h */ = {isa = PBXFileReference; fileEncoding = 4; lastKnownFileType = sourcecode.c.h; path = StoreInfoModel.h; sourceTree = "<group>"; };
		E7729E4C1DDC040900BF5B69 /* StoreInfoModel.m */ = {isa = PBXFileReference; fileEncoding = 4; lastKnownFileType = sourcecode.c.objc; path = StoreInfoModel.m; sourceTree = "<group>"; };
		E7729E4E1DDC041900BF5B69 /* AddressInfoModel.h */ = {isa = PBXFileReference; fileEncoding = 4; lastKnownFileType = sourcecode.c.h; path = AddressInfoModel.h; sourceTree = "<group>"; };
		E7729E4F1DDC041900BF5B69 /* AddressInfoModel.m */ = {isa = PBXFileReference; fileEncoding = 4; lastKnownFileType = sourcecode.c.objc; path = AddressInfoModel.m; sourceTree = "<group>"; };
		E774B7061E14B2AD00B5E389 /* UIColor+RandomColor.h */ = {isa = PBXFileReference; fileEncoding = 4; lastKnownFileType = sourcecode.c.h; path = "UIColor+RandomColor.h"; sourceTree = "<group>"; };
		E774B7071E14B2AD00B5E389 /* UIColor+RandomColor.m */ = {isa = PBXFileReference; fileEncoding = 4; lastKnownFileType = sourcecode.c.objc; path = "UIColor+RandomColor.m"; sourceTree = "<group>"; };
		E774B7091E1502D600B5E389 /* WaitReceiveOrderTimeOutTableViewCell.h */ = {isa = PBXFileReference; fileEncoding = 4; lastKnownFileType = sourcecode.c.h; path = WaitReceiveOrderTimeOutTableViewCell.h; sourceTree = "<group>"; };
		E774B70A1E1502D600B5E389 /* WaitReceiveOrderTimeOutTableViewCell.m */ = {isa = PBXFileReference; fileEncoding = 4; lastKnownFileType = sourcecode.c.objc; path = WaitReceiveOrderTimeOutTableViewCell.m; sourceTree = "<group>"; };
		E790342A1DC09335004C1C8E /* AlreadyDoneViewController.h */ = {isa = PBXFileReference; fileEncoding = 4; lastKnownFileType = sourcecode.c.h; path = AlreadyDoneViewController.h; sourceTree = "<group>"; };
		E790342B1DC09336004C1C8E /* AlreadyDoneViewController.m */ = {isa = PBXFileReference; fileEncoding = 4; lastKnownFileType = sourcecode.c.objc; path = AlreadyDoneViewController.m; sourceTree = "<group>"; };
		E79034351DC71592004C1C8E /* ShopAddressViewController.h */ = {isa = PBXFileReference; fileEncoding = 4; lastKnownFileType = sourcecode.c.h; path = ShopAddressViewController.h; sourceTree = "<group>"; };
		E79034361DC71593004C1C8E /* ShopAddressViewController.m */ = {isa = PBXFileReference; fileEncoding = 4; lastKnownFileType = sourcecode.c.objc; path = ShopAddressViewController.m; sourceTree = "<group>"; };
		E7ABA57D1DF1619E007F0638 /* ReceiverAddressViewController.h */ = {isa = PBXFileReference; fileEncoding = 4; lastKnownFileType = sourcecode.c.h; path = ReceiverAddressViewController.h; sourceTree = "<group>"; };
		E7ABA57E1DF1619E007F0638 /* ReceiverAddressViewController.m */ = {isa = PBXFileReference; fileEncoding = 4; lastKnownFileType = sourcecode.c.objc; path = ReceiverAddressViewController.m; sourceTree = "<group>"; };
		E7ABA5801DF6678D007F0638 /* FeHourGlass.h */ = {isa = PBXFileReference; fileEncoding = 4; lastKnownFileType = sourcecode.c.h; path = FeHourGlass.h; sourceTree = "<group>"; };
		E7ABA5811DF6678D007F0638 /* FeHourGlass.m */ = {isa = PBXFileReference; fileEncoding = 4; lastKnownFileType = sourcecode.c.objc; path = FeHourGlass.m; sourceTree = "<group>"; };
		E7ABA5831DF667B8007F0638 /* UIColor+flat.h */ = {isa = PBXFileReference; fileEncoding = 4; lastKnownFileType = sourcecode.c.h; path = "UIColor+flat.h"; sourceTree = "<group>"; };
		E7ABA5841DF667B8007F0638 /* UIColor+flat.m */ = {isa = PBXFileReference; fileEncoding = 4; lastKnownFileType = sourcecode.c.objc; path = "UIColor+flat.m"; sourceTree = "<group>"; };
		E7ABA5861DF6AA27007F0638 /* ShopView.h */ = {isa = PBXFileReference; fileEncoding = 4; lastKnownFileType = sourcecode.c.h; path = ShopView.h; sourceTree = "<group>"; };
		E7ABA5871DF6AA27007F0638 /* ShopView.m */ = {isa = PBXFileReference; fileEncoding = 4; lastKnownFileType = sourcecode.c.objc; path = ShopView.m; sourceTree = "<group>"; };
		E7BA1E171DCC777D001B0081 /* OrderDetailViewController.h */ = {isa = PBXFileReference; fileEncoding = 4; lastKnownFileType = sourcecode.c.h; path = OrderDetailViewController.h; sourceTree = "<group>"; };
		E7BA1E181DCC777D001B0081 /* OrderDetailViewController.m */ = {isa = PBXFileReference; fileEncoding = 4; lastKnownFileType = sourcecode.c.objc; path = OrderDetailViewController.m; sourceTree = "<group>"; };
		E7CCD2E51DED555500B24256 /* DeliveryTableViewCell.h */ = {isa = PBXFileReference; fileEncoding = 4; lastKnownFileType = sourcecode.c.h; path = DeliveryTableViewCell.h; sourceTree = "<group>"; };
		E7CCD2E61DED555500B24256 /* DeliveryTableViewCell.m */ = {isa = PBXFileReference; fileEncoding = 4; lastKnownFileType = sourcecode.c.objc; path = DeliveryTableViewCell.m; sourceTree = "<group>"; };
		E7CCD2E81DED69F800B24256 /* TotalAmountAndPaymentView.h */ = {isa = PBXFileReference; fileEncoding = 4; lastKnownFileType = sourcecode.c.h; path = TotalAmountAndPaymentView.h; sourceTree = "<group>"; };
		E7CCD2E91DED69F800B24256 /* TotalAmountAndPaymentView.m */ = {isa = PBXFileReference; fileEncoding = 4; lastKnownFileType = sourcecode.c.objc; path = TotalAmountAndPaymentView.m; sourceTree = "<group>"; };
		E7CCD2EB1DED7B6700B24256 /* ReceiverAddressView.h */ = {isa = PBXFileReference; fileEncoding = 4; lastKnownFileType = sourcecode.c.h; path = ReceiverAddressView.h; sourceTree = "<group>"; };
		E7CCD2EC1DED7B6700B24256 /* ReceiverAddressView.m */ = {isa = PBXFileReference; fileEncoding = 4; lastKnownFileType = sourcecode.c.objc; path = ReceiverAddressView.m; sourceTree = "<group>"; };
		E7CCD2EE1DEE754B00B24256 /* RunFeeAndTiFeeView.h */ = {isa = PBXFileReference; fileEncoding = 4; lastKnownFileType = sourcecode.c.h; path = RunFeeAndTiFeeView.h; sourceTree = "<group>"; };
		E7CCD2EF1DEE754B00B24256 /* RunFeeAndTiFeeView.m */ = {isa = PBXFileReference; fileEncoding = 4; lastKnownFileType = sourcecode.c.objc; path = RunFeeAndTiFeeView.m; sourceTree = "<group>"; };
		E7CCD2F11DEEB17000B24256 /* TimeOutView.h */ = {isa = PBXFileReference; fileEncoding = 4; lastKnownFileType = sourcecode.c.h; path = TimeOutView.h; sourceTree = "<group>"; };
		E7CCD2F21DEEB17000B24256 /* TimeOutView.m */ = {isa = PBXFileReference; fileEncoding = 4; lastKnownFileType = sourcecode.c.objc; path = TimeOutView.m; sourceTree = "<group>"; };
		E7CCD2F41DEEB99F00B24256 /* ShopButtonView.h */ = {isa = PBXFileReference; fileEncoding = 4; lastKnownFileType = sourcecode.c.h; path = ShopButtonView.h; sourceTree = "<group>"; };
		E7CCD2F51DEEB99F00B24256 /* ShopButtonView.m */ = {isa = PBXFileReference; fileEncoding = 4; lastKnownFileType = sourcecode.c.objc; path = ShopButtonView.m; sourceTree = "<group>"; };
		E7E856331DAF56700057D66F /* TcCourier.app */ = {isa = PBXFileReference; explicitFileType = wrapper.application; includeInIndex = 0; path = TcCourier.app; sourceTree = BUILT_PRODUCTS_DIR; };
		E7E856371DAF56700057D66F /* main.m */ = {isa = PBXFileReference; lastKnownFileType = sourcecode.c.objc; path = main.m; sourceTree = "<group>"; };
		E7E856391DAF56700057D66F /* AppDelegate.h */ = {isa = PBXFileReference; lastKnownFileType = sourcecode.c.h; path = AppDelegate.h; sourceTree = "<group>"; };
		E7E8563A1DAF56700057D66F /* AppDelegate.m */ = {isa = PBXFileReference; lastKnownFileType = sourcecode.c.objc; path = AppDelegate.m; sourceTree = "<group>"; };
		E7E856451DAF56700057D66F /* Base */ = {isa = PBXFileReference; lastKnownFileType = file.storyboard; name = Base; path = Base.lproj/LaunchScreen.storyboard; sourceTree = "<group>"; };
		E7E856471DAF56700057D66F /* Info.plist */ = {isa = PBXFileReference; lastKnownFileType = text.plist.xml; path = Info.plist; sourceTree = "<group>"; };
		E7E8564C1DAF56700057D66F /* TcCourierTests.xctest */ = {isa = PBXFileReference; explicitFileType = wrapper.cfbundle; includeInIndex = 0; path = TcCourierTests.xctest; sourceTree = BUILT_PRODUCTS_DIR; };
		E7E856501DAF56700057D66F /* TcCourierTests.m */ = {isa = PBXFileReference; lastKnownFileType = sourcecode.c.objc; path = TcCourierTests.m; sourceTree = "<group>"; };
		E7E856521DAF56700057D66F /* Info.plist */ = {isa = PBXFileReference; lastKnownFileType = text.plist.xml; path = Info.plist; sourceTree = "<group>"; };
		E7E856571DAF56700057D66F /* TcCourierUITests.xctest */ = {isa = PBXFileReference; explicitFileType = wrapper.cfbundle; includeInIndex = 0; path = TcCourierUITests.xctest; sourceTree = BUILT_PRODUCTS_DIR; };
		E7E8565B1DAF56700057D66F /* TcCourierUITests.m */ = {isa = PBXFileReference; lastKnownFileType = sourcecode.c.objc; path = TcCourierUITests.m; sourceTree = "<group>"; };
		E7E8565D1DAF56700057D66F /* Info.plist */ = {isa = PBXFileReference; lastKnownFileType = text.plist.xml; path = Info.plist; sourceTree = "<group>"; };
		E7E856751DAF62B70057D66F /* MainNavigationController.h */ = {isa = PBXFileReference; fileEncoding = 4; lastKnownFileType = sourcecode.c.h; path = MainNavigationController.h; sourceTree = "<group>"; };
		E7E856761DAF62B70057D66F /* MainNavigationController.m */ = {isa = PBXFileReference; fileEncoding = 4; lastKnownFileType = sourcecode.c.objc; path = MainNavigationController.m; sourceTree = "<group>"; };
		E7E856771DAF62B70057D66F /* MainTabBar.h */ = {isa = PBXFileReference; fileEncoding = 4; lastKnownFileType = sourcecode.c.h; path = MainTabBar.h; sourceTree = "<group>"; };
		E7E856781DAF62B70057D66F /* MainTabBar.m */ = {isa = PBXFileReference; fileEncoding = 4; lastKnownFileType = sourcecode.c.objc; path = MainTabBar.m; sourceTree = "<group>"; };
		E7E856791DAF62B70057D66F /* MainTabBarButton.h */ = {isa = PBXFileReference; fileEncoding = 4; lastKnownFileType = sourcecode.c.h; path = MainTabBarButton.h; sourceTree = "<group>"; };
		E7E8567A1DAF62B70057D66F /* MainTabBarButton.m */ = {isa = PBXFileReference; fileEncoding = 4; lastKnownFileType = sourcecode.c.objc; path = MainTabBarButton.m; sourceTree = "<group>"; };
		E7E8567B1DAF62B70057D66F /* MainTabBarController.h */ = {isa = PBXFileReference; fileEncoding = 4; lastKnownFileType = sourcecode.c.h; path = MainTabBarController.h; sourceTree = "<group>"; };
		E7E8567C1DAF62B70057D66F /* MainTabBarController.m */ = {isa = PBXFileReference; fileEncoding = 4; lastKnownFileType = sourcecode.c.objc; path = MainTabBarController.m; sourceTree = "<group>"; };
		E7E856821DAF64DF0057D66F /* PrefixHeader.pch */ = {isa = PBXFileReference; fileEncoding = 4; lastKnownFileType = sourcecode.c.h; path = PrefixHeader.pch; sourceTree = "<group>"; };
		E7E856841DAF655F0057D66F /* ContantHeader.h */ = {isa = PBXFileReference; fileEncoding = 4; lastKnownFileType = sourcecode.c.h; path = ContantHeader.h; sourceTree = "<group>"; };
		E7E856871DAF67080057D66F /* HomePageViewController.h */ = {isa = PBXFileReference; fileEncoding = 4; lastKnownFileType = sourcecode.c.h; path = HomePageViewController.h; sourceTree = "<group>"; };
		E7E856881DAF67080057D66F /* HomePageViewController.m */ = {isa = PBXFileReference; fileEncoding = 4; lastKnownFileType = sourcecode.c.objc; path = HomePageViewController.m; sourceTree = "<group>"; };
		E7E8568D1DAF67080057D66F /* LoginViewController.h */ = {isa = PBXFileReference; fileEncoding = 4; lastKnownFileType = sourcecode.c.h; path = LoginViewController.h; sourceTree = "<group>"; };
		E7E8568E1DAF67080057D66F /* LoginViewController.m */ = {isa = PBXFileReference; fileEncoding = 4; lastKnownFileType = sourcecode.c.objc; path = LoginViewController.m; sourceTree = "<group>"; };
		E7E856931DAF67080057D66F /* PersonCenterViewController.h */ = {isa = PBXFileReference; fileEncoding = 4; lastKnownFileType = sourcecode.c.h; path = PersonCenterViewController.h; sourceTree = "<group>"; };
		E7E856941DAF67080057D66F /* PersonCenterViewController.m */ = {isa = PBXFileReference; fileEncoding = 4; lastKnownFileType = sourcecode.c.objc; path = PersonCenterViewController.m; sourceTree = "<group>"; };
		E7ECF6B51E078A3F00CAAE83 /* SelectableOverlay.h */ = {isa = PBXFileReference; fileEncoding = 4; lastKnownFileType = sourcecode.c.h; path = SelectableOverlay.h; sourceTree = "<group>"; };
		E7ECF6B61E078A3F00CAAE83 /* SelectableOverlay.m */ = {isa = PBXFileReference; fileEncoding = 4; lastKnownFileType = sourcecode.c.objc; path = SelectableOverlay.m; sourceTree = "<group>"; };
		E7FAAA6F1DB481F500B20084 /* UILabel+LabelHeightAndWidth.h */ = {isa = PBXFileReference; fileEncoding = 4; lastKnownFileType = sourcecode.c.h; path = "UILabel+LabelHeightAndWidth.h"; sourceTree = "<group>"; };
		E7FAAA701DB481F500B20084 /* UILabel+LabelHeightAndWidth.m */ = {isa = PBXFileReference; fileEncoding = 4; lastKnownFileType = sourcecode.c.objc; path = "UILabel+LabelHeightAndWidth.m"; sourceTree = "<group>"; };
		E7FB2BC81DB5F44D0045E871 /* TcLoginButton.h */ = {isa = PBXFileReference; fileEncoding = 4; lastKnownFileType = sourcecode.c.h; path = TcLoginButton.h; sourceTree = "<group>"; };
		E7FB2BC91DB5F44D0045E871 /* TcLoginButton.m */ = {isa = PBXFileReference; fileEncoding = 4; lastKnownFileType = sourcecode.c.objc; path = TcLoginButton.m; sourceTree = "<group>"; };
		E7FB2BCE1DB5F9160045E871 /* TodayCountViewController.h */ = {isa = PBXFileReference; fileEncoding = 4; lastKnownFileType = sourcecode.c.h; path = TodayCountViewController.h; sourceTree = "<group>"; };
		E7FB2BCF1DB5F9160045E871 /* TodayCountViewController.m */ = {isa = PBXFileReference; fileEncoding = 4; lastKnownFileType = sourcecode.c.objc; path = TodayCountViewController.m; sourceTree = "<group>"; };
		E7FB2BE01DB751BF0045E871 /* StarttAppraiseRateView.h */ = {isa = PBXFileReference; fileEncoding = 4; lastKnownFileType = sourcecode.c.h; path = StarttAppraiseRateView.h; sourceTree = "<group>"; };
		E7FB2BE11DB751BF0045E871 /* StarttAppraiseRateView.m */ = {isa = PBXFileReference; fileEncoding = 4; lastKnownFileType = sourcecode.c.objc; path = StarttAppraiseRateView.m; sourceTree = "<group>"; };
		E7FB2BE31DB755880045E871 /* SettingView.h */ = {isa = PBXFileReference; fileEncoding = 4; lastKnownFileType = sourcecode.c.h; path = SettingView.h; sourceTree = "<group>"; };
		E7FB2BE41DB755880045E871 /* SettingView.m */ = {isa = PBXFileReference; fileEncoding = 4; lastKnownFileType = sourcecode.c.objc; path = SettingView.m; sourceTree = "<group>"; };
		E7FB2BE61DB7580B0045E871 /* Assets.xcassets */ = {isa = PBXFileReference; lastKnownFileType = folder.assetcatalog; path = Assets.xcassets; sourceTree = "<group>"; };
		E7FB2BE81DB7595D0045E871 /* SettingItemView.h */ = {isa = PBXFileReference; fileEncoding = 4; lastKnownFileType = sourcecode.c.h; path = SettingItemView.h; sourceTree = "<group>"; };
		E7FB2BE91DB7595D0045E871 /* SettingItemView.m */ = {isa = PBXFileReference; fileEncoding = 4; lastKnownFileType = sourcecode.c.objc; path = SettingItemView.m; sourceTree = "<group>"; };
		E7FB2BEB1DB774910045E871 /* ModifyPasswordViewController.h */ = {isa = PBXFileReference; fileEncoding = 4; lastKnownFileType = sourcecode.c.h; path = ModifyPasswordViewController.h; sourceTree = "<group>"; };
		E7FB2BEC1DB774910045E871 /* ModifyPasswordViewController.m */ = {isa = PBXFileReference; fileEncoding = 4; lastKnownFileType = sourcecode.c.objc; path = ModifyPasswordViewController.m; sourceTree = "<group>"; };
		E7FB5AA91DD2FF8E006DFADD /* TcCourierInfoManager.h */ = {isa = PBXFileReference; fileEncoding = 4; lastKnownFileType = sourcecode.c.h; path = TcCourierInfoManager.h; sourceTree = "<group>"; };
		E7FB5AAA1DD2FF8E006DFADD /* TcCourierInfoManager.m */ = {isa = PBXFileReference; fileEncoding = 4; lastKnownFileType = sourcecode.c.objc; path = TcCourierInfoManager.m; sourceTree = "<group>"; };
		E7FB7F931DD19E640023148C /* MJRefresh.bundle */ = {isa = PBXFileReference; lastKnownFileType = "wrapper.plug-in"; path = MJRefresh.bundle; sourceTree = "<group>"; };
		E7FB7F941DD19E640023148C /* MJRefresh.h */ = {isa = PBXFileReference; fileEncoding = 4; lastKnownFileType = sourcecode.c.h; path = MJRefresh.h; sourceTree = "<group>"; };
		E7FB7F951DD19E640023148C /* MJRefreshBaseView.h */ = {isa = PBXFileReference; fileEncoding = 4; lastKnownFileType = sourcecode.c.h; path = MJRefreshBaseView.h; sourceTree = "<group>"; };
		E7FB7F961DD19E640023148C /* MJRefreshBaseView.m */ = {isa = PBXFileReference; fileEncoding = 4; lastKnownFileType = sourcecode.c.objc; path = MJRefreshBaseView.m; sourceTree = "<group>"; };
		E7FB7F971DD19E640023148C /* MJRefreshConst.h */ = {isa = PBXFileReference; fileEncoding = 4; lastKnownFileType = sourcecode.c.h; path = MJRefreshConst.h; sourceTree = "<group>"; };
		E7FB7F981DD19E640023148C /* MJRefreshConst.m */ = {isa = PBXFileReference; fileEncoding = 4; lastKnownFileType = sourcecode.c.objc; path = MJRefreshConst.m; sourceTree = "<group>"; };
		E7FB7F991DD19E640023148C /* MJRefreshFooterView.h */ = {isa = PBXFileReference; fileEncoding = 4; lastKnownFileType = sourcecode.c.h; path = MJRefreshFooterView.h; sourceTree = "<group>"; };
		E7FB7F9A1DD19E640023148C /* MJRefreshFooterView.m */ = {isa = PBXFileReference; fileEncoding = 4; lastKnownFileType = sourcecode.c.objc; path = MJRefreshFooterView.m; sourceTree = "<group>"; };
		E7FB7F9B1DD19E640023148C /* MJRefreshHeaderView.h */ = {isa = PBXFileReference; fileEncoding = 4; lastKnownFileType = sourcecode.c.h; path = MJRefreshHeaderView.h; sourceTree = "<group>"; };
		E7FB7F9C1DD19E640023148C /* MJRefreshHeaderView.m */ = {isa = PBXFileReference; fileEncoding = 4; lastKnownFileType = sourcecode.c.objc; path = MJRefreshHeaderView.m; sourceTree = "<group>"; };
		E7FB7F9D1DD19E640023148C /* UIScrollView+MJExtension.h */ = {isa = PBXFileReference; fileEncoding = 4; lastKnownFileType = sourcecode.c.h; path = "UIScrollView+MJExtension.h"; sourceTree = "<group>"; };
		E7FB7F9E1DD19E640023148C /* UIScrollView+MJExtension.m */ = {isa = PBXFileReference; fileEncoding = 4; lastKnownFileType = sourcecode.c.objc; path = "UIScrollView+MJExtension.m"; sourceTree = "<group>"; };
		E7FB7F9F1DD19E640023148C /* UIScrollView+MJRefresh.h */ = {isa = PBXFileReference; fileEncoding = 4; lastKnownFileType = sourcecode.c.h; path = "UIScrollView+MJRefresh.h"; sourceTree = "<group>"; };
		E7FB7FA01DD19E640023148C /* UIScrollView+MJRefresh.m */ = {isa = PBXFileReference; fileEncoding = 4; lastKnownFileType = sourcecode.c.objc; path = "UIScrollView+MJRefresh.m"; sourceTree = "<group>"; };
		E7FB7FA11DD19E640023148C /* UIView+MJExtension.h */ = {isa = PBXFileReference; fileEncoding = 4; lastKnownFileType = sourcecode.c.h; path = "UIView+MJExtension.h"; sourceTree = "<group>"; };
		E7FB7FA21DD19E640023148C /* UIView+MJExtension.m */ = {isa = PBXFileReference; fileEncoding = 4; lastKnownFileType = sourcecode.c.objc; path = "UIView+MJExtension.m"; sourceTree = "<group>"; };
		E7FB7FAB1DD19E7B0023148C /* MyMD5.h */ = {isa = PBXFileReference; fileEncoding = 4; lastKnownFileType = sourcecode.c.h; path = MyMD5.h; sourceTree = "<group>"; };
		E7FB7FAC1DD19E7B0023148C /* MyMD5.m */ = {isa = PBXFileReference; fileEncoding = 4; lastKnownFileType = sourcecode.c.objc; path = MyMD5.m; sourceTree = "<group>"; };
/* End PBXFileReference section */

/* Begin PBXFrameworksBuildPhase section */
		E7E856301DAF566F0057D66F /* Frameworks */ = {
			isa = PBXFrameworksBuildPhase;
			buildActionMask = 2147483647;
			files = (
				E727C19C1E0D007B0096D17E /* libresolv.tbd in Frameworks */,
				E727C19A1E0D006F0096D17E /* UserNotifications.framework in Frameworks */,
				E727C1981E0D00600096D17E /* libz.tbd in Frameworks */,
				E727C1961E0D00540096D17E /* Security.framework in Frameworks */,
				E727C1941E0D004A0096D17E /* UIKit.framework in Frameworks */,
				E727C1921E0D00420096D17E /* Foundation.framework in Frameworks */,
				E727C1901E0D00380096D17E /* CoreGraphics.framework in Frameworks */,
				E727C18E1E0D002F0096D17E /* SystemConfiguration.framework in Frameworks */,
				E727C18C1E0D00270096D17E /* CoreTelephony.framework in Frameworks */,
				E727C18A1E0D001E0096D17E /* CoreFoundation.framework in Frameworks */,
				E727C1881E0D00130096D17E /* CFNetwork.framework in Frameworks */,
				E727C1861E0CFFE90096D17E /* jpush-ios-3.0.0.a in Frameworks */,
				309AACB6B023A947EFAF4EB7 /* libPods.a in Frameworks */,
				E727C1851E0CFFE90096D17E /* jcore-ios-1.0.0.a in Frameworks */,
			);
			runOnlyForDeploymentPostprocessing = 0;
		};
		E7E856491DAF56700057D66F /* Frameworks */ = {
			isa = PBXFrameworksBuildPhase;
			buildActionMask = 2147483647;
			files = (
			);
			runOnlyForDeploymentPostprocessing = 0;
		};
		E7E856541DAF56700057D66F /* Frameworks */ = {
			isa = PBXFrameworksBuildPhase;
			buildActionMask = 2147483647;
			files = (
			);
			runOnlyForDeploymentPostprocessing = 0;
		};
/* End PBXFrameworksBuildPhase section */

/* Begin PBXGroup section */
		37DAA384705F9ED67761B111 /* Frameworks */ = {
			isa = PBXGroup;
			children = (
				E727C19B1E0D007B0096D17E /* libresolv.tbd */,
				E727C1991E0D006F0096D17E /* UserNotifications.framework */,
				E727C1971E0D00600096D17E /* libz.tbd */,
				E727C1951E0D00540096D17E /* Security.framework */,
				E727C1931E0D004A0096D17E /* UIKit.framework */,
				E727C1911E0D00420096D17E /* Foundation.framework */,
				E727C18F1E0D00380096D17E /* CoreGraphics.framework */,
				E727C18D1E0D002F0096D17E /* SystemConfiguration.framework */,
				E727C18B1E0D00270096D17E /* CoreTelephony.framework */,
				E727C1891E0D001E0096D17E /* CoreFoundation.framework */,
				E727C1871E0D00130096D17E /* CFNetwork.framework */,
				0CFFFD85C6B4E072D4F00A8F /* libPods.a */,
			);
			name = Frameworks;
			sourceTree = "<group>";
		};
		E71593081DE690BE00EAAC68 /* View */ = {
			isa = PBXGroup;
			children = (
				E71593091DE690BE00EAAC68 /* AddressListView.h */,
				E715930A1DE690BE00EAAC68 /* AddressListView.m */,
				E7CCD2E41DED553500B24256 /* Delivery */,
				E715930B1DE690BE00EAAC68 /* AlreadyDone */,
				E71593101DE690BE00EAAC68 /* HomePage */,
				E71593151DE690BE00EAAC68 /* MapView */,
				E71593181DE690BE00EAAC68 /* OrderDetail */,
				E715931F1DE690BE00EAAC68 /* TodayCount */,
				E71593241DE690BE00EAAC68 /* WaitReceiving */,
			);
			path = View;
			sourceTree = "<group>";
		};
		E715930B1DE690BE00EAAC68 /* AlreadyDone */ = {
			isa = PBXGroup;
			children = (
				E715930C1DE690BE00EAAC68 /* AlredyDoneTableViewCell.h */,
				E715930D1DE690BE00EAAC68 /* AlredyDoneTableViewCell.m */,
				E715930E1DE690BE00EAAC68 /* ChooseView.h */,
				E715930F1DE690BE00EAAC68 /* ChooseView.m */,
			);
			path = AlreadyDone;
			sourceTree = "<group>";
		};
		E71593101DE690BE00EAAC68 /* HomePage */ = {
			isa = PBXGroup;
			children = (
				E71593111DE690BE00EAAC68 /* HomePageItemView.h */,
				E71593121DE690BE00EAAC68 /* HomePageItemView.m */,
				E71593131DE690BE00EAAC68 /* HomePageView.h */,
				E71593141DE690BE00EAAC68 /* HomePageView.m */,
			);
			path = HomePage;
			sourceTree = "<group>";
		};
		E71593151DE690BE00EAAC68 /* MapView */ = {
			isa = PBXGroup;
			children = (
				E71593161DE690BE00EAAC68 /* ShoppingInfoView.h */,
				E71593171DE690BE00EAAC68 /* ShoppingInfoView.m */,
				E712D10D1E011BB4005D63C9 /* ReceiverAddressInfoView.h */,
				E712D10E1E011BB4005D63C9 /* ReceiverAddressInfoView.m */,
			);
			path = MapView;
			sourceTree = "<group>";
		};
		E71593181DE690BE00EAAC68 /* OrderDetail */ = {
			isa = PBXGroup;
			children = (
				E71593191DE690BE00EAAC68 /* FoodListView.h */,
				E715931A1DE690BE00EAAC68 /* FoodListView.m */,
				E715931B1DE690BE00EAAC68 /* OrderDetailTableViewCell.h */,
				E715931C1DE690BE00EAAC68 /* OrderDetailTableViewCell.m */,
				E71593421DE6B76600EAAC68 /* OrderDetailShopListView.h */,
				E71593431DE6B76600EAAC68 /* OrderDetailShopListView.m */,
			);
			path = OrderDetail;
			sourceTree = "<group>";
		};
		E715931F1DE690BE00EAAC68 /* TodayCount */ = {
			isa = PBXGroup;
			children = (
				E71593201DE690BE00EAAC68 /* TodayInfoItemView.h */,
				E71593211DE690BE00EAAC68 /* TodayInfoItemVIew.m */,
				E71593221DE690BE00EAAC68 /* TodayInfoView.h */,
				E71593231DE690BE00EAAC68 /* TodayInfoView.m */,
				E727C17B1E0BD55B0096D17E /* TodayCountDetailTableViewCell.h */,
				E727C17C1E0BD55B0096D17E /* TodayCountDetailTableViewCell.m */,
			);
			path = TodayCount;
			sourceTree = "<group>";
		};
		E71593241DE690BE00EAAC68 /* WaitReceiving */ = {
			isa = PBXGroup;
			children = (
				E71593291DE690BE00EAAC68 /* WaitReceiveOrderTableViewCell.h */,
				E715932A1DE690BE00EAAC68 /* WaitReceiveOrderTableViewCell.m */,
				E774B7091E1502D600B5E389 /* WaitReceiveOrderTimeOutTableViewCell.h */,
				E774B70A1E1502D600B5E389 /* WaitReceiveOrderTimeOutTableViewCell.m */,
				E7ABA5861DF6AA27007F0638 /* ShopView.h */,
				E7ABA5871DF6AA27007F0638 /* ShopView.m */,
			);
			path = WaitReceiving;
			sourceTree = "<group>";
		};
		E727C1811E0CFFE90096D17E /* Lib */ = {
			isa = PBXGroup;
			children = (
				E727C1821E0CFFE90096D17E /* jcore-ios-1.0.0.a */,
				E727C1831E0CFFE90096D17E /* jpush-ios-3.0.0.a */,
				E727C1841E0CFFE90096D17E /* JPUSHService.h */,
			);
			path = Lib;
			sourceTree = "<group>";
		};
		E759250A1E2DF04200660136 /* voice */ = {
			isa = PBXGroup;
			children = (
				E759250B1E2DF04200660136 /* notice.mp3 */,
			);
			path = voice;
			sourceTree = "<group>";
		};
		E7CCD2E41DED553500B24256 /* Delivery */ = {
			isa = PBXGroup;
			children = (
				E7CCD2E51DED555500B24256 /* DeliveryTableViewCell.h */,
				E7CCD2E61DED555500B24256 /* DeliveryTableViewCell.m */,
				E712D1101E01409F005D63C9 /* DeliveryTimeOutTableViewCell.h */,
				E712D1111E01409F005D63C9 /* DeliveryTimeOutTableViewCell.m */,
				E7CCD2E81DED69F800B24256 /* TotalAmountAndPaymentView.h */,
				E7CCD2E91DED69F800B24256 /* TotalAmountAndPaymentView.m */,
				E7CCD2EB1DED7B6700B24256 /* ReceiverAddressView.h */,
				E7CCD2EC1DED7B6700B24256 /* ReceiverAddressView.m */,
				E7CCD2EE1DEE754B00B24256 /* RunFeeAndTiFeeView.h */,
				E7CCD2EF1DEE754B00B24256 /* RunFeeAndTiFeeView.m */,
				E7CCD2F11DEEB17000B24256 /* TimeOutView.h */,
				E7CCD2F21DEEB17000B24256 /* TimeOutView.m */,
				E7CCD2F41DEEB99F00B24256 /* ShopButtonView.h */,
				E7CCD2F51DEEB99F00B24256 /* ShopButtonView.m */,
			);
			path = Delivery;
			sourceTree = "<group>";
		};
		E7E8562A1DAF566F0057D66F = {
			isa = PBXGroup;
			children = (
				E727C1811E0CFFE90096D17E /* Lib */,
				E7E856351DAF56700057D66F /* TcCourier */,
				E7E8564F1DAF56700057D66F /* TcCourierTests */,
				E7E8565A1DAF56700057D66F /* TcCourierUITests */,
				E7E856341DAF56700057D66F /* Products */,
				F2C4EC0E29519154CC7ED9C1 /* Pods */,
				37DAA384705F9ED67761B111 /* Frameworks */,
			);
			sourceTree = "<group>";
		};
		E7E856341DAF56700057D66F /* Products */ = {
			isa = PBXGroup;
			children = (
				E7E856331DAF56700057D66F /* TcCourier.app */,
				E7E8564C1DAF56700057D66F /* TcCourierTests.xctest */,
				E7E856571DAF56700057D66F /* TcCourierUITests.xctest */,
			);
			name = Products;
			sourceTree = "<group>";
		};
		E7E856351DAF56700057D66F /* TcCourier */ = {
			isa = PBXGroup;
			children = (
				E727C19D1E0D00C50096D17E /* TcCourier.entitlements */,
				E7E856391DAF56700057D66F /* AppDelegate.h */,
				E7E8563A1DAF56700057D66F /* AppDelegate.m */,
				E7E856751DAF62B70057D66F /* MainNavigationController.h */,
				E7E856761DAF62B70057D66F /* MainNavigationController.m */,
				E7E856771DAF62B70057D66F /* MainTabBar.h */,
				E7E856781DAF62B70057D66F /* MainTabBar.m */,
				E7E856791DAF62B70057D66F /* MainTabBarButton.h */,
				E7E8567A1DAF62B70057D66F /* MainTabBarButton.m */,
				E7E8567B1DAF62B70057D66F /* MainTabBarController.h */,
				E7E8567C1DAF62B70057D66F /* MainTabBarController.m */,
				E7E856851DAF67080057D66F /* HomePage */,
				E7E8568B1DAF67080057D66F /* Login */,
				E7E856911DAF67080057D66F /* PersonCenter */,
				E7E856811DAF64C40057D66F /* tool */,
				E70B06681DB0755500E4B5A6 /* 123.jpg */,
				E7E856441DAF56700057D66F /* LaunchScreen.storyboard */,
				E7E856471DAF56700057D66F /* Info.plist */,
				E7FB2BE61DB7580B0045E871 /* Assets.xcassets */,
				E7E856361DAF56700057D66F /* Supporting Files */,
			);
			path = TcCourier;
			sourceTree = "<group>";
		};
		E7E856361DAF56700057D66F /* Supporting Files */ = {
			isa = PBXGroup;
			children = (
				E7E856371DAF56700057D66F /* main.m */,
			);
			name = "Supporting Files";
			sourceTree = "<group>";
		};
		E7E8564F1DAF56700057D66F /* TcCourierTests */ = {
			isa = PBXGroup;
			children = (
				E7E856501DAF56700057D66F /* TcCourierTests.m */,
				E7E856521DAF56700057D66F /* Info.plist */,
			);
			path = TcCourierTests;
			sourceTree = "<group>";
		};
		E7E8565A1DAF56700057D66F /* TcCourierUITests */ = {
			isa = PBXGroup;
			children = (
				E7E8565B1DAF56700057D66F /* TcCourierUITests.m */,
				E7E8565D1DAF56700057D66F /* Info.plist */,
			);
			path = TcCourierUITests;
			sourceTree = "<group>";
		};
		E7E856811DAF64C40057D66F /* tool */ = {
			isa = PBXGroup;
			children = (
				E759250A1E2DF04200660136 /* voice */,
				E7ABA5801DF6678D007F0638 /* FeHourGlass.h */,
				E7ABA5811DF6678D007F0638 /* FeHourGlass.m */,
				E7ABA5831DF667B8007F0638 /* UIColor+flat.h */,
				E7ABA5841DF667B8007F0638 /* UIColor+flat.m */,
				E7FB7F921DD19E640023148C /* MJRefresh */,
				E70B06611DB06C7900E4B5A6 /* UIView+ChangeFrame.h */,
				E70B06621DB06C7900E4B5A6 /* UIView+ChangeFrame.m */,
				E7E856821DAF64DF0057D66F /* PrefixHeader.pch */,
				E7E856841DAF655F0057D66F /* ContantHeader.h */,
				E7FAAA6F1DB481F500B20084 /* UILabel+LabelHeightAndWidth.h */,
				E7FAAA701DB481F500B20084 /* UILabel+LabelHeightAndWidth.m */,
				E727C1751E0B85B60096D17E /* UIViewController+GetCurrentViewController.h */,
				E727C1761E0B85B60096D17E /* UIViewController+GetCurrentViewController.m */,
				E774B7061E14B2AD00B5E389 /* UIColor+RandomColor.h */,
				E774B7071E14B2AD00B5E389 /* UIColor+RandomColor.m */,
				E7FB7FAB1DD19E7B0023148C /* MyMD5.h */,
				E7FB7FAC1DD19E7B0023148C /* MyMD5.m */,
			);
			path = tool;
			sourceTree = "<group>";
		};
		E7E856851DAF67080057D66F /* HomePage */ = {
			isa = PBXGroup;
			children = (
				E71593081DE690BE00EAAC68 /* View */,
				E7E856861DAF67080057D66F /* Controller */,
				E7E856891DAF67080057D66F /* Model */,
			);
			path = HomePage;
			sourceTree = "<group>";
		};
		E7E856861DAF67080057D66F /* Controller */ = {
			isa = PBXGroup;
			children = (
				E7E856871DAF67080057D66F /* HomePageViewController.h */,
				E7E856881DAF67080057D66F /* HomePageViewController.m */,
				E7FB2BCE1DB5F9160045E871 /* TodayCountViewController.h */,
				E7FB2BCF1DB5F9160045E871 /* TodayCountViewController.m */,
				E732C8AF1DBDD9A000B18AA0 /* WaitReceiveOrderViewController.h */,
				E732C8B01DBDD9A000B18AA0 /* WaitReceiveOrderViewController.m */,
				E790342A1DC09335004C1C8E /* AlreadyDoneViewController.h */,
				E790342B1DC09336004C1C8E /* AlreadyDoneViewController.m */,
				E79034351DC71592004C1C8E /* ShopAddressViewController.h */,
				E79034361DC71593004C1C8E /* ShopAddressViewController.m */,
				E7ABA57D1DF1619E007F0638 /* ReceiverAddressViewController.h */,
				E7ABA57E1DF1619E007F0638 /* ReceiverAddressViewController.m */,
				E740D8D61DC9DC1F00484F53 /* DeliveryViewController.h */,
				E740D8D71DC9DC1F00484F53 /* DeliveryViewController.m */,
				E7BA1E171DCC777D001B0081 /* OrderDetailViewController.h */,
				E7BA1E181DCC777D001B0081 /* OrderDetailViewController.m */,
				E727C1781E0BA2C40096D17E /* TodayCountDetailViewController.h */,
				E727C1791E0BA2C40096D17E /* TodayCountDetailViewController.m */,
			);
			path = Controller;
			sourceTree = "<group>";
		};
		E7E856891DAF67080057D66F /* Model */ = {
			isa = PBXGroup;
			children = (
				E7729E481DDB069500BF5B69 /* OrderInfoModel.h */,
				E7729E491DDB069500BF5B69 /* OrderInfoModel.m */,
				E7729E4B1DDC040900BF5B69 /* StoreInfoModel.h */,
				E7729E4C1DDC040900BF5B69 /* StoreInfoModel.m */,
				E7729E4E1DDC041900BF5B69 /* AddressInfoModel.h */,
				E7729E4F1DDC041900BF5B69 /* AddressInfoModel.m */,
				E75A77A51DE2C70800E344EE /* FoodModel.h */,
				E75A77A61DE2C70800E344EE /* FoodModel.m */,
				E7ECF6B51E078A3F00CAAE83 /* SelectableOverlay.h */,
				E7ECF6B61E078A3F00CAAE83 /* SelectableOverlay.m */,
				E727C17E1E0BD77F0096D17E /* TodayCountModel.h */,
				E727C17F1E0BD77F0096D17E /* TodayCountModel.m */,
			);
			path = Model;
			sourceTree = "<group>";
		};
		E7E8568B1DAF67080057D66F /* Login */ = {
			isa = PBXGroup;
			children = (
				E7E8568C1DAF67080057D66F /* Controller */,
				E7E8568F1DAF67080057D66F /* Model */,
				E7E856901DAF67080057D66F /* View */,
			);
			path = Login;
			sourceTree = "<group>";
		};
		E7E8568C1DAF67080057D66F /* Controller */ = {
			isa = PBXGroup;
			children = (
				E7E8568D1DAF67080057D66F /* LoginViewController.h */,
				E7E8568E1DAF67080057D66F /* LoginViewController.m */,
			);
			path = Controller;
			sourceTree = "<group>";
		};
		E7E8568F1DAF67080057D66F /* Model */ = {
			isa = PBXGroup;
			children = (
				E7FB5AA91DD2FF8E006DFADD /* TcCourierInfoManager.h */,
				E7FB5AAA1DD2FF8E006DFADD /* TcCourierInfoManager.m */,
			);
			path = Model;
			sourceTree = "<group>";
		};
		E7E856901DAF67080057D66F /* View */ = {
			isa = PBXGroup;
			children = (
				E71209341DD470EF0015825A /* TipMessageView.h */,
				E71209351DD470EF0015825A /* TipMessageView.m */,
				E70B065E1DB06C3C00E4B5A6 /* MOTextField.h */,
				E70B065F1DB06C3C00E4B5A6 /* MOTextField.m */,
				E7FB2BC81DB5F44D0045E871 /* TcLoginButton.h */,
				E7FB2BC91DB5F44D0045E871 /* TcLoginButton.m */,
			);
			path = View;
			sourceTree = "<group>";
		};
		E7E856911DAF67080057D66F /* PersonCenter */ = {
			isa = PBXGroup;
			children = (
				E7E856921DAF67080057D66F /* Controller */,
				E7E856951DAF67080057D66F /* Model */,
				E7E856961DAF67080057D66F /* View */,
			);
			path = PersonCenter;
			sourceTree = "<group>";
		};
		E7E856921DAF67080057D66F /* Controller */ = {
			isa = PBXGroup;
			children = (
				E7E856931DAF67080057D66F /* PersonCenterViewController.h */,
				E7E856941DAF67080057D66F /* PersonCenterViewController.m */,
				E7FB2BEB1DB774910045E871 /* ModifyPasswordViewController.h */,
				E7FB2BEC1DB774910045E871 /* ModifyPasswordViewController.m */,
			);
			path = Controller;
			sourceTree = "<group>";
		};
		E7E856951DAF67080057D66F /* Model */ = {
			isa = PBXGroup;
			children = (
			);
			path = Model;
			sourceTree = "<group>";
		};
		E7E856961DAF67080057D66F /* View */ = {
			isa = PBXGroup;
			children = (
				E7FB2BE01DB751BF0045E871 /* StarttAppraiseRateView.h */,
				E7FB2BE11DB751BF0045E871 /* StarttAppraiseRateView.m */,
				E7FB2BE31DB755880045E871 /* SettingView.h */,
				E7FB2BE41DB755880045E871 /* SettingView.m */,
				E7FB2BE81DB7595D0045E871 /* SettingItemView.h */,
				E7FB2BE91DB7595D0045E871 /* SettingItemView.m */,
				E712D10A1DFE5D26005D63C9 /* PersonCenterView.h */,
				E712D10B1DFE5D26005D63C9 /* PersonCenterView.m */,
			);
			path = View;
			sourceTree = "<group>";
		};
		E7FB7F921DD19E640023148C /* MJRefresh */ = {
			isa = PBXGroup;
			children = (
				E7FB7F931DD19E640023148C /* MJRefresh.bundle */,
				E7FB7F941DD19E640023148C /* MJRefresh.h */,
				E7FB7F951DD19E640023148C /* MJRefreshBaseView.h */,
				E7FB7F961DD19E640023148C /* MJRefreshBaseView.m */,
				E7FB7F971DD19E640023148C /* MJRefreshConst.h */,
				E7FB7F981DD19E640023148C /* MJRefreshConst.m */,
				E7FB7F991DD19E640023148C /* MJRefreshFooterView.h */,
				E7FB7F9A1DD19E640023148C /* MJRefreshFooterView.m */,
				E7FB7F9B1DD19E640023148C /* MJRefreshHeaderView.h */,
				E7FB7F9C1DD19E640023148C /* MJRefreshHeaderView.m */,
				E7FB7F9D1DD19E640023148C /* UIScrollView+MJExtension.h */,
				E7FB7F9E1DD19E640023148C /* UIScrollView+MJExtension.m */,
				E7FB7F9F1DD19E640023148C /* UIScrollView+MJRefresh.h */,
				E7FB7FA01DD19E640023148C /* UIScrollView+MJRefresh.m */,
				E7FB7FA11DD19E640023148C /* UIView+MJExtension.h */,
				E7FB7FA21DD19E640023148C /* UIView+MJExtension.m */,
			);
			path = MJRefresh;
			sourceTree = "<group>";
		};
		F2C4EC0E29519154CC7ED9C1 /* Pods */ = {
			isa = PBXGroup;
			children = (
				4A1557639B3B2BA14FC8115B /* Pods.debug.xcconfig */,
				256953AE303E24856A03C646 /* Pods.release.xcconfig */,
			);
			name = Pods;
			sourceTree = "<group>";
		};
/* End PBXGroup section */

/* Begin PBXNativeTarget section */
		E7E856321DAF566F0057D66F /* TcCourier */ = {
			isa = PBXNativeTarget;
			buildConfigurationList = E7E856601DAF56700057D66F /* Build configuration list for PBXNativeTarget "TcCourier" */;
			buildPhases = (
				872FFD0A06ADBBFAF5B13ED2 /* Check Pods Manifest.lock */,
				E7E8562F1DAF566F0057D66F /* Sources */,
				E7E856301DAF566F0057D66F /* Frameworks */,
				E7E856311DAF566F0057D66F /* Resources */,
				CCB7709E80B85B2DD161A458 /* Embed Pods Frameworks */,
				38F7EC11C629A802FA6841B7 /* Copy Pods Resources */,
			);
			buildRules = (
			);
			dependencies = (
			);
			name = TcCourier;
			productName = TcCourier;
			productReference = E7E856331DAF56700057D66F /* TcCourier.app */;
			productType = "com.apple.product-type.application";
		};
		E7E8564B1DAF56700057D66F /* TcCourierTests */ = {
			isa = PBXNativeTarget;
			buildConfigurationList = E7E856631DAF56700057D66F /* Build configuration list for PBXNativeTarget "TcCourierTests" */;
			buildPhases = (
				E7E856481DAF56700057D66F /* Sources */,
				E7E856491DAF56700057D66F /* Frameworks */,
				E7E8564A1DAF56700057D66F /* Resources */,
			);
			buildRules = (
			);
			dependencies = (
				E7E8564E1DAF56700057D66F /* PBXTargetDependency */,
			);
			name = TcCourierTests;
			productName = TcCourierTests;
			productReference = E7E8564C1DAF56700057D66F /* TcCourierTests.xctest */;
			productType = "com.apple.product-type.bundle.unit-test";
		};
		E7E856561DAF56700057D66F /* TcCourierUITests */ = {
			isa = PBXNativeTarget;
			buildConfigurationList = E7E856661DAF56700057D66F /* Build configuration list for PBXNativeTarget "TcCourierUITests" */;
			buildPhases = (
				E7E856531DAF56700057D66F /* Sources */,
				E7E856541DAF56700057D66F /* Frameworks */,
				E7E856551DAF56700057D66F /* Resources */,
			);
			buildRules = (
			);
			dependencies = (
				E7E856591DAF56700057D66F /* PBXTargetDependency */,
			);
			name = TcCourierUITests;
			productName = TcCourierUITests;
			productReference = E7E856571DAF56700057D66F /* TcCourierUITests.xctest */;
			productType = "com.apple.product-type.bundle.ui-testing";
		};
/* End PBXNativeTarget section */

/* Begin PBXProject section */
		E7E8562B1DAF566F0057D66F /* Project object */ = {
			isa = PBXProject;
			attributes = {
				LastUpgradeCheck = 0800;
				ORGANIZATIONNAME = dabao;
				TargetAttributes = {
					E7E856321DAF566F0057D66F = {
						CreatedOnToolsVersion = 8.0;
						DevelopmentTeam = H33K3H36N8;
						ProvisioningStyle = Automatic;
						SystemCapabilities = {
							com.apple.BackgroundModes = {
								enabled = 1;
							};
							com.apple.Push = {
								enabled = 1;
							};
						};
					};
					E7E8564B1DAF56700057D66F = {
						CreatedOnToolsVersion = 8.0;
						DevelopmentTeam = H33K3H36N8;
						ProvisioningStyle = Automatic;
						TestTargetID = E7E856321DAF566F0057D66F;
					};
					E7E856561DAF56700057D66F = {
						CreatedOnToolsVersion = 8.0;
						DevelopmentTeam = H33K3H36N8;
						ProvisioningStyle = Automatic;
						TestTargetID = E7E856321DAF566F0057D66F;
					};
				};
			};
			buildConfigurationList = E7E8562E1DAF566F0057D66F /* Build configuration list for PBXProject "TcCourier" */;
			compatibilityVersion = "Xcode 3.2";
			developmentRegion = English;
			hasScannedForEncodings = 0;
			knownRegions = (
				en,
				Base,
			);
			mainGroup = E7E8562A1DAF566F0057D66F;
			productRefGroup = E7E856341DAF56700057D66F /* Products */;
			projectDirPath = "";
			projectRoot = "";
			targets = (
				E7E856321DAF566F0057D66F /* TcCourier */,
				E7E8564B1DAF56700057D66F /* TcCourierTests */,
				E7E856561DAF56700057D66F /* TcCourierUITests */,
			);
		};
/* End PBXProject section */

/* Begin PBXResourcesBuildPhase section */
		E7E856311DAF566F0057D66F /* Resources */ = {
			isa = PBXResourcesBuildPhase;
			buildActionMask = 2147483647;
			files = (
				E70B06691DB0755500E4B5A6 /* 123.jpg in Resources */,
				E7FB2BE71DB7580B0045E871 /* Assets.xcassets in Resources */,
				E7FB7FA31DD19E640023148C /* MJRefresh.bundle in Resources */,
				E759250C1E2DF04200660136 /* notice.mp3 in Resources */,
				E7E856461DAF56700057D66F /* LaunchScreen.storyboard in Resources */,
			);
			runOnlyForDeploymentPostprocessing = 0;
		};
		E7E8564A1DAF56700057D66F /* Resources */ = {
			isa = PBXResourcesBuildPhase;
			buildActionMask = 2147483647;
			files = (
			);
			runOnlyForDeploymentPostprocessing = 0;
		};
		E7E856551DAF56700057D66F /* Resources */ = {
			isa = PBXResourcesBuildPhase;
			buildActionMask = 2147483647;
			files = (
			);
			runOnlyForDeploymentPostprocessing = 0;
		};
/* End PBXResourcesBuildPhase section */

/* Begin PBXShellScriptBuildPhase section */
		38F7EC11C629A802FA6841B7 /* Copy Pods Resources */ = {
			isa = PBXShellScriptBuildPhase;
			buildActionMask = 2147483647;
			files = (
			);
			inputPaths = (
			);
			name = "Copy Pods Resources";
			outputPaths = (
			);
			runOnlyForDeploymentPostprocessing = 0;
			shellPath = /bin/sh;
			shellScript = "\"${SRCROOT}/Pods/Target Support Files/Pods/Pods-resources.sh\"\n";
			showEnvVarsInLog = 0;
		};
		872FFD0A06ADBBFAF5B13ED2 /* Check Pods Manifest.lock */ = {
			isa = PBXShellScriptBuildPhase;
			buildActionMask = 2147483647;
			files = (
			);
			inputPaths = (
			);
			name = "Check Pods Manifest.lock";
			outputPaths = (
			);
			runOnlyForDeploymentPostprocessing = 0;
			shellPath = /bin/sh;
			shellScript = "diff \"${PODS_ROOT}/../Podfile.lock\" \"${PODS_ROOT}/Manifest.lock\" > /dev/null\nif [[ $? != 0 ]] ; then\n    cat << EOM\nerror: The sandbox is not in sync with the Podfile.lock. Run 'pod install' or update your CocoaPods installation.\nEOM\n    exit 1\nfi\n";
			showEnvVarsInLog = 0;
		};
		CCB7709E80B85B2DD161A458 /* Embed Pods Frameworks */ = {
			isa = PBXShellScriptBuildPhase;
			buildActionMask = 2147483647;
			files = (
			);
			inputPaths = (
			);
			name = "Embed Pods Frameworks";
			outputPaths = (
			);
			runOnlyForDeploymentPostprocessing = 0;
			shellPath = /bin/sh;
			shellScript = "\"${SRCROOT}/Pods/Target Support Files/Pods/Pods-frameworks.sh\"\n";
			showEnvVarsInLog = 0;
		};
/* End PBXShellScriptBuildPhase section */

/* Begin PBXSourcesBuildPhase section */
		E7E8562F1DAF566F0057D66F /* Sources */ = {
			isa = PBXSourcesBuildPhase;
			buildActionMask = 2147483647;
			files = (
				E715932F1DE690BE00EAAC68 /* HomePageView.m in Sources */,
				E70B06631DB06C7900E4B5A6 /* UIView+ChangeFrame.m in Sources */,
				E7CCD2F01DEE754B00B24256 /* RunFeeAndTiFeeView.m in Sources */,
				E71593341DE690BE00EAAC68 /* TodayInfoItemVIew.m in Sources */,
				E727C17D1E0BD55B0096D17E /* TodayCountDetailTableViewCell.m in Sources */,
				E7FB2BED1DB774910045E871 /* ModifyPasswordViewController.m in Sources */,
				E7E856981DAF67080057D66F /* LoginViewController.m in Sources */,
				E7E8567E1DAF62B70057D66F /* MainTabBar.m in Sources */,
				E7ABA5851DF667B8007F0638 /* UIColor+flat.m in Sources */,
				E774B70B1E1502D600B5E389 /* WaitReceiveOrderTimeOutTableViewCell.m in Sources */,
				E7BA1E191DCC777D001B0081 /* OrderDetailViewController.m in Sources */,
				E71593321DE690BE00EAAC68 /* OrderDetailTableViewCell.m in Sources */,
				E7729E501DDC041900BF5B69 /* AddressInfoModel.m in Sources */,
				E712D1121E01409F005D63C9 /* DeliveryTimeOutTableViewCell.m in Sources */,
				E7FB7FA91DD19E640023148C /* UIScrollView+MJRefresh.m in Sources */,
				E7ECF6B71E078A3F00CAAE83 /* SelectableOverlay.m in Sources */,
				E7CCD2ED1DED7B6700B24256 /* ReceiverAddressView.m in Sources */,
				E7FB7FA81DD19E640023148C /* UIScrollView+MJExtension.m in Sources */,
				E727C1771E0B85B60096D17E /* UIViewController+GetCurrentViewController.m in Sources */,
				E7E856801DAF62B70057D66F /* MainTabBarController.m in Sources */,
				E71209361DD470EF0015825A /* TipMessageView.m in Sources */,
				E7E8567F1DAF62B70057D66F /* MainTabBarButton.m in Sources */,
				E715932D1DE690BE00EAAC68 /* ChooseView.m in Sources */,
				E7ABA57F1DF1619E007F0638 /* ReceiverAddressViewController.m in Sources */,
				E7FB7FAD1DD19E7B0023148C /* MyMD5.m in Sources */,
				E790342C1DC09336004C1C8E /* AlreadyDoneViewController.m in Sources */,
				E727C17A1E0BA2C40096D17E /* TodayCountDetailViewController.m in Sources */,
				E7FB7FA61DD19E640023148C /* MJRefreshFooterView.m in Sources */,
				E7729E4D1DDC040900BF5B69 /* StoreInfoModel.m in Sources */,
				E774B7081E14B2AD00B5E389 /* UIColor+RandomColor.m in Sources */,
				E7E8563B1DAF56700057D66F /* AppDelegate.m in Sources */,
				E7FB2BD01DB5F9160045E871 /* TodayCountViewController.m in Sources */,
				E715932E1DE690BE00EAAC68 /* HomePageItemView.m in Sources */,
				E7CCD2F31DEEB17000B24256 /* TimeOutView.m in Sources */,
				E71593311DE690BE00EAAC68 /* FoodListView.m in Sources */,
				E7E856971DAF67080057D66F /* HomePageViewController.m in Sources */,
				E727C1801E0BD77F0096D17E /* TodayCountModel.m in Sources */,
				E7FB2BE51DB755880045E871 /* SettingView.m in Sources */,
				E7729E4A1DDB069500BF5B69 /* OrderInfoModel.m in Sources */,
				E732C8B11DBDD9A000B18AA0 /* WaitReceiveOrderViewController.m in Sources */,
				E71593441DE6B76600EAAC68 /* OrderDetailShopListView.m in Sources */,
				E7FB5AAB1DD2FF8E006DFADD /* TcCourierInfoManager.m in Sources */,
				E7CCD2EA1DED69F800B24256 /* TotalAmountAndPaymentView.m in Sources */,
				E7ABA5881DF6AA27007F0638 /* ShopView.m in Sources */,
				E7FB7FA71DD19E640023148C /* MJRefreshHeaderView.m in Sources */,
				E7E8567D1DAF62B70057D66F /* MainNavigationController.m in Sources */,
				E7CCD2F61DEEB99F00B24256 /* ShopButtonView.m in Sources */,
				E7CCD2E71DED555500B24256 /* DeliveryTableViewCell.m in Sources */,
				E712D10C1DFE5D26005D63C9 /* PersonCenterView.m in Sources */,
				E7E856991DAF67080057D66F /* PersonCenterViewController.m in Sources */,
				E75A77A71DE2C70800E344EE /* FoodModel.m in Sources */,
				E7FB2BE21DB751BF0045E871 /* StarttAppraiseRateView.m in Sources */,
				E71593351DE690BE00EAAC68 /* TodayInfoView.m in Sources */,
				E7FB7FA51DD19E640023148C /* MJRefreshConst.m in Sources */,
				E7FB2BCA1DB5F44D0045E871 /* TcLoginButton.m in Sources */,
				E7ABA5821DF6678D007F0638 /* FeHourGlass.m in Sources */,
				E715932C1DE690BE00EAAC68 /* AlredyDoneTableViewCell.m in Sources */,
				E71593301DE690BE00EAAC68 /* ShoppingInfoView.m in Sources */,
				E7FB7FAA1DD19E640023148C /* UIView+MJExtension.m in Sources */,
				E740D8D81DC9DC1F00484F53 /* DeliveryViewController.m in Sources */,
				E7FB7FA41DD19E640023148C /* MJRefreshBaseView.m in Sources */,
				E7FAAA711DB481F500B20084 /* UILabel+LabelHeightAndWidth.m in Sources */,
				E7E856381DAF56700057D66F /* main.m in Sources */,
				E712D10F1E011BB4005D63C9 /* ReceiverAddressInfoView.m in Sources */,
				E70B06601DB06C3C00E4B5A6 /* MOTextField.m in Sources */,
				E7FB2BEA1DB7595D0045E871 /* SettingItemView.m in Sources */,
				E79034371DC71593004C1C8E /* ShopAddressViewController.m in Sources */,
				E715932B1DE690BE00EAAC68 /* AddressListView.m in Sources */,
				E71593381DE690BE00EAAC68 /* WaitReceiveOrderTableViewCell.m in Sources */,
			);
			runOnlyForDeploymentPostprocessing = 0;
		};
		E7E856481DAF56700057D66F /* Sources */ = {
			isa = PBXSourcesBuildPhase;
			buildActionMask = 2147483647;
			files = (
				E7E856511DAF56700057D66F /* TcCourierTests.m in Sources */,
			);
			runOnlyForDeploymentPostprocessing = 0;
		};
		E7E856531DAF56700057D66F /* Sources */ = {
			isa = PBXSourcesBuildPhase;
			buildActionMask = 2147483647;
			files = (
				E7E8565C1DAF56700057D66F /* TcCourierUITests.m in Sources */,
			);
			runOnlyForDeploymentPostprocessing = 0;
		};
/* End PBXSourcesBuildPhase section */

/* Begin PBXTargetDependency section */
		E7E8564E1DAF56700057D66F /* PBXTargetDependency */ = {
			isa = PBXTargetDependency;
			target = E7E856321DAF566F0057D66F /* TcCourier */;
			targetProxy = E7E8564D1DAF56700057D66F /* PBXContainerItemProxy */;
		};
		E7E856591DAF56700057D66F /* PBXTargetDependency */ = {
			isa = PBXTargetDependency;
			target = E7E856321DAF566F0057D66F /* TcCourier */;
			targetProxy = E7E856581DAF56700057D66F /* PBXContainerItemProxy */;
		};
/* End PBXTargetDependency section */

/* Begin PBXVariantGroup section */
		E7E856441DAF56700057D66F /* LaunchScreen.storyboard */ = {
			isa = PBXVariantGroup;
			children = (
				E7E856451DAF56700057D66F /* Base */,
			);
			name = LaunchScreen.storyboard;
			sourceTree = "<group>";
		};
/* End PBXVariantGroup section */

/* Begin XCBuildConfiguration section */
		E7E8565E1DAF56700057D66F /* Debug */ = {
			isa = XCBuildConfiguration;
			buildSettings = {
				ALWAYS_SEARCH_USER_PATHS = NO;
				CLANG_ANALYZER_NONNULL = YES;
				CLANG_CXX_LANGUAGE_STANDARD = "gnu++0x";
				CLANG_CXX_LIBRARY = "libc++";
				CLANG_ENABLE_MODULES = YES;
				CLANG_ENABLE_OBJC_ARC = YES;
				CLANG_WARN_BOOL_CONVERSION = YES;
				CLANG_WARN_CONSTANT_CONVERSION = YES;
				CLANG_WARN_DIRECT_OBJC_ISA_USAGE = YES_ERROR;
				CLANG_WARN_DOCUMENTATION_COMMENTS = YES;
				CLANG_WARN_EMPTY_BODY = YES;
				CLANG_WARN_ENUM_CONVERSION = YES;
				CLANG_WARN_INFINITE_RECURSION = YES;
				CLANG_WARN_INT_CONVERSION = YES;
				CLANG_WARN_OBJC_ROOT_CLASS = YES_ERROR;
				CLANG_WARN_SUSPICIOUS_MOVES = YES;
				CLANG_WARN_UNREACHABLE_CODE = YES;
				CLANG_WARN__DUPLICATE_METHOD_MATCH = YES;
				CODE_SIGN_IDENTITY = "iPhone Developer";
				"CODE_SIGN_IDENTITY[sdk=iphoneos*]" = "iPhone Developer";
				COPY_PHASE_STRIP = NO;
				DEBUG_INFORMATION_FORMAT = dwarf;
				ENABLE_STRICT_OBJC_MSGSEND = YES;
				ENABLE_TESTABILITY = YES;
				GCC_C_LANGUAGE_STANDARD = gnu99;
				GCC_DYNAMIC_NO_PIC = NO;
				GCC_NO_COMMON_BLOCKS = YES;
				GCC_OPTIMIZATION_LEVEL = 0;
				GCC_PREPROCESSOR_DEFINITIONS = (
					"DEBUG=1",
					"$(inherited)",
				);
				GCC_WARN_64_TO_32_BIT_CONVERSION = YES;
				GCC_WARN_ABOUT_RETURN_TYPE = YES_ERROR;
				GCC_WARN_UNDECLARED_SELECTOR = YES;
				GCC_WARN_UNINITIALIZED_AUTOS = YES_AGGRESSIVE;
				GCC_WARN_UNUSED_FUNCTION = YES;
				GCC_WARN_UNUSED_VARIABLE = YES;
				IPHONEOS_DEPLOYMENT_TARGET = 10.0;
				MTL_ENABLE_DEBUG_INFO = YES;
				ONLY_ACTIVE_ARCH = YES;
				SDKROOT = iphoneos;
			};
			name = Debug;
		};
		E7E8565F1DAF56700057D66F /* Release */ = {
			isa = XCBuildConfiguration;
			buildSettings = {
				ALWAYS_SEARCH_USER_PATHS = NO;
				CLANG_ANALYZER_NONNULL = YES;
				CLANG_CXX_LANGUAGE_STANDARD = "gnu++0x";
				CLANG_CXX_LIBRARY = "libc++";
				CLANG_ENABLE_MODULES = YES;
				CLANG_ENABLE_OBJC_ARC = YES;
				CLANG_WARN_BOOL_CONVERSION = YES;
				CLANG_WARN_CONSTANT_CONVERSION = YES;
				CLANG_WARN_DIRECT_OBJC_ISA_USAGE = YES_ERROR;
				CLANG_WARN_DOCUMENTATION_COMMENTS = YES;
				CLANG_WARN_EMPTY_BODY = YES;
				CLANG_WARN_ENUM_CONVERSION = YES;
				CLANG_WARN_INFINITE_RECURSION = YES;
				CLANG_WARN_INT_CONVERSION = YES;
				CLANG_WARN_OBJC_ROOT_CLASS = YES_ERROR;
				CLANG_WARN_SUSPICIOUS_MOVES = YES;
				CLANG_WARN_UNREACHABLE_CODE = YES;
				CLANG_WARN__DUPLICATE_METHOD_MATCH = YES;
				CODE_SIGN_IDENTITY = "iPhone Developer";
				"CODE_SIGN_IDENTITY[sdk=iphoneos*]" = "iPhone Developer";
				COPY_PHASE_STRIP = NO;
				DEBUG_INFORMATION_FORMAT = "dwarf-with-dsym";
				ENABLE_NS_ASSERTIONS = NO;
				ENABLE_STRICT_OBJC_MSGSEND = YES;
				GCC_C_LANGUAGE_STANDARD = gnu99;
				GCC_NO_COMMON_BLOCKS = YES;
				GCC_WARN_64_TO_32_BIT_CONVERSION = YES;
				GCC_WARN_ABOUT_RETURN_TYPE = YES_ERROR;
				GCC_WARN_UNDECLARED_SELECTOR = YES;
				GCC_WARN_UNINITIALIZED_AUTOS = YES_AGGRESSIVE;
				GCC_WARN_UNUSED_FUNCTION = YES;
				GCC_WARN_UNUSED_VARIABLE = YES;
				IPHONEOS_DEPLOYMENT_TARGET = 10.0;
				MTL_ENABLE_DEBUG_INFO = NO;
				SDKROOT = iphoneos;
				VALIDATE_PRODUCT = YES;
			};
			name = Release;
		};
		E7E856611DAF56700057D66F /* Debug */ = {
			isa = XCBuildConfiguration;
			baseConfigurationReference = 4A1557639B3B2BA14FC8115B /* Pods.debug.xcconfig */;
			buildSettings = {
				ASSETCATALOG_COMPILER_APPICON_NAME = AppIcon;
				CODE_SIGN_ENTITLEMENTS = TcCourier/TcCourier.entitlements;
				CODE_SIGN_IDENTITY = "iPhone Distribution: Wenling Ou Yi network technology co,.ltd (H33K3H36N8)";
				"CODE_SIGN_IDENTITY[sdk=iphoneos*]" = "iPhone Developer";
				DEVELOPMENT_TEAM = H33K3H36N8;
				GCC_PREFIX_HEADER = TcCourier/tool/PrefixHeader.pch;
				INFOPLIST_FILE = TcCourier/Info.plist;
				IPHONEOS_DEPLOYMENT_TARGET = 7.0;
				LD_RUNPATH_SEARCH_PATHS = "$(inherited) @executable_path/Frameworks";
				LIBRARY_SEARCH_PATHS = (
					"$(inherited)",
					"$(PROJECT_DIR)/Lib",
				);
				PRODUCT_BUNDLE_IDENTIFIER = com.wlouyi.TcCourier;
				PRODUCT_NAME = "$(TARGET_NAME)";
			};
			name = Debug;
		};
		E7E856621DAF56700057D66F /* Release */ = {
			isa = XCBuildConfiguration;
			baseConfigurationReference = 256953AE303E24856A03C646 /* Pods.release.xcconfig */;
			buildSettings = {
				ASSETCATALOG_COMPILER_APPICON_NAME = AppIcon;
				CODE_SIGN_ENTITLEMENTS = TcCourier/TcCourier.entitlements;
				CODE_SIGN_IDENTITY = "iPhone Distribution: Wenling Ou Yi network technology co,.ltd (H33K3H36N8)";
				"CODE_SIGN_IDENTITY[sdk=iphoneos*]" = "iPhone Developer";
				DEVELOPMENT_TEAM = H33K3H36N8;
				GCC_PREFIX_HEADER = TcCourier/tool/PrefixHeader.pch;
				INFOPLIST_FILE = TcCourier/Info.plist;
				IPHONEOS_DEPLOYMENT_TARGET = 7.0;
				LD_RUNPATH_SEARCH_PATHS = "$(inherited) @executable_path/Frameworks";
				LIBRARY_SEARCH_PATHS = (
					"$(inherited)",
					"$(PROJECT_DIR)/Lib",
				);
				PRODUCT_BUNDLE_IDENTIFIER = com.wlouyi.TcCourier;
				PRODUCT_NAME = "$(TARGET_NAME)";
			};
			name = Release;
		};
		E7E856641DAF56700057D66F /* Debug */ = {
			isa = XCBuildConfiguration;
			buildSettings = {
				BUNDLE_LOADER = "$(TEST_HOST)";
				DEVELOPMENT_TEAM = H33K3H36N8;
				INFOPLIST_FILE = TcCourierTests/Info.plist;
				LD_RUNPATH_SEARCH_PATHS = "$(inherited) @executable_path/Frameworks @loader_path/Frameworks";
				PRODUCT_BUNDLE_IDENTIFIER = com.dabao.TcCourierTests;
				PRODUCT_NAME = "$(TARGET_NAME)";
				TEST_HOST = "$(BUILT_PRODUCTS_DIR)/TcCourier.app/TcCourier";
			};
			name = Debug;
		};
		E7E856651DAF56700057D66F /* Release */ = {
			isa = XCBuildConfiguration;
			buildSettings = {
				BUNDLE_LOADER = "$(TEST_HOST)";
				DEVELOPMENT_TEAM = H33K3H36N8;
				INFOPLIST_FILE = TcCourierTests/Info.plist;
				LD_RUNPATH_SEARCH_PATHS = "$(inherited) @executable_path/Frameworks @loader_path/Frameworks";
				PRODUCT_BUNDLE_IDENTIFIER = com.dabao.TcCourierTests;
				PRODUCT_NAME = "$(TARGET_NAME)";
				TEST_HOST = "$(BUILT_PRODUCTS_DIR)/TcCourier.app/TcCourier";
			};
			name = Release;
		};
		E7E856671DAF56700057D66F /* Debug */ = {
			isa = XCBuildConfiguration;
			buildSettings = {
				DEVELOPMENT_TEAM = H33K3H36N8;
				INFOPLIST_FILE = TcCourierUITests/Info.plist;
				LD_RUNPATH_SEARCH_PATHS = "$(inherited) @executable_path/Frameworks @loader_path/Frameworks";
				PRODUCT_BUNDLE_IDENTIFIER = com.dabao.TcCourierUITests;
				PRODUCT_NAME = "$(TARGET_NAME)";
				TEST_TARGET_NAME = TcCourier;
			};
			name = Debug;
		};
		E7E856681DAF56700057D66F /* Release */ = {
			isa = XCBuildConfiguration;
			buildSettings = {
				DEVELOPMENT_TEAM = H33K3H36N8;
				INFOPLIST_FILE = TcCourierUITests/Info.plist;
				LD_RUNPATH_SEARCH_PATHS = "$(inherited) @executable_path/Frameworks @loader_path/Frameworks";
				PRODUCT_BUNDLE_IDENTIFIER = com.dabao.TcCourierUITests;
				PRODUCT_NAME = "$(TARGET_NAME)";
				TEST_TARGET_NAME = TcCourier;
			};
			name = Release;
		};
/* End XCBuildConfiguration section */

/* Begin XCConfigurationList section */
		E7E8562E1DAF566F0057D66F /* Build configuration list for PBXProject "TcCourier" */ = {
			isa = XCConfigurationList;
			buildConfigurations = (
				E7E8565E1DAF56700057D66F /* Debug */,
				E7E8565F1DAF56700057D66F /* Release */,
			);
			defaultConfigurationIsVisible = 0;
			defaultConfigurationName = Release;
		};
		E7E856601DAF56700057D66F /* Build configuration list for PBXNativeTarget "TcCourier" */ = {
			isa = XCConfigurationList;
			buildConfigurations = (
				E7E856611DAF56700057D66F /* Debug */,
				E7E856621DAF56700057D66F /* Release */,
			);
			defaultConfigurationIsVisible = 0;
			defaultConfigurationName = Release;
		};
		E7E856631DAF56700057D66F /* Build configuration list for PBXNativeTarget "TcCourierTests" */ = {
			isa = XCConfigurationList;
			buildConfigurations = (
				E7E856641DAF56700057D66F /* Debug */,
				E7E856651DAF56700057D66F /* Release */,
			);
			defaultConfigurationIsVisible = 0;
			defaultConfigurationName = Release;
		};
		E7E856661DAF56700057D66F /* Build configuration list for PBXNativeTarget "TcCourierUITests" */ = {
			isa = XCConfigurationList;
			buildConfigurations = (
				E7E856671DAF56700057D66F /* Debug */,
				E7E856681DAF56700057D66F /* Release */,
			);
			defaultConfigurationIsVisible = 0;
			defaultConfigurationName = Release;
		};
/* End XCConfigurationList section */
	};
	rootObject = E7E8562B1DAF566F0057D66F /* Project object */;
}
